// !$*UTF8*$!
{
	archiveVersion = 1;
	classes = {
	};
	objectVersion = 56;
	objects = {

/* Begin PBXBuildFile section */
		8700459B2DCE91D500D9F74D /* DismissButton.swift in Sources */ = {isa = PBXBuildFile; fileRef = 8700459A2DCE91D500D9F74D /* DismissButton.swift */; };
		8700459D2DCE932B00D9F74D /* VerticalSpace.swift in Sources */ = {isa = PBXBuildFile; fileRef = 8700459C2DCE932B00D9F74D /* VerticalSpace.swift */; };
		870045A32DCF244D00D9F74D /* MapView.swift in Sources */ = {isa = PBXBuildFile; fileRef = 870045A12DCF244D00D9F74D /* MapView.swift */; };
		870045AC2DD09B9B00D9F74D /* MapBottomButtons.swift in Sources */ = {isa = PBXBuildFile; fileRef = 870045A92DD09B9B00D9F74D /* MapBottomButtons.swift */; };
		870045AD2DD09B9B00D9F74D /* EventsOnMapButton.swift in Sources */ = {isa = PBXBuildFile; fileRef = 870045AA2DD09B9B00D9F74D /* EventsOnMapButton.swift */; };
		870045AF2DD09BF800D9F74D /* OpenEventsButton.swift in Sources */ = {isa = PBXBuildFile; fileRef = 870045AE2DD09BF800D9F74D /* OpenEventsButton.swift */; };
		870045B12DD0C04E00D9F74D /* OpenInfoButton.swift in Sources */ = {isa = PBXBuildFile; fileRef = 870045B02DD0C04E00D9F74D /* OpenInfoButton.swift */; };
		870045B62DD0C15900D9F74D /* MapClusterView.swift in Sources */ = {isa = PBXBuildFile; fileRef = 870045B32DD0C15900D9F74D /* MapClusterView.swift */; };
		870045B72DD0C15900D9F74D /* MapEventAnnotation.swift in Sources */ = {isa = PBXBuildFile; fileRef = 870045B42DD0C15900D9F74D /* MapEventAnnotation.swift */; };
		870045BD2DD0C71600D9F74D /* EventsViewModel.swift in Sources */ = {isa = PBXBuildFile; fileRef = 870045BC2DD0C71600D9F74D /* EventsViewModel.swift */; };
		870045C32DD0C83F00D9F74D /* EventsTabItemConfig.swift in Sources */ = {isa = PBXBuildFile; fileRef = 870045C12DD0C83F00D9F74D /* EventsTabItemConfig.swift */; };
		870045C52DD0C86900D9F74D /* EventsTab.swift in Sources */ = {isa = PBXBuildFile; fileRef = 870045C42DD0C86900D9F74D /* EventsTab.swift */; };
		870045D82DD0D0C900D9F74D /* EventsTabBar.swift in Sources */ = {isa = PBXBuildFile; fileRef = 870045D52DD0D0C900D9F74D /* EventsTabBar.swift */; };
		870045D92DD0D0C900D9F74D /* EventsView.swift in Sources */ = {isa = PBXBuildFile; fileRef = 870045D62DD0D0C900D9F74D /* EventsView.swift */; };
		870045F62DD0D6F100D9F74D /* FeedView.swift in Sources */ = {isa = PBXBuildFile; fileRef = 870045EC2DD0D6F100D9F74D /* FeedView.swift */; };
		870045F72DD0D6F100D9F74D /* FeedViewModel.swift in Sources */ = {isa = PBXBuildFile; fileRef = 870045ED2DD0D6F100D9F74D /* FeedViewModel.swift */; };
		870045F82DD0D6F100D9F74D /* MyEventsView.swift in Sources */ = {isa = PBXBuildFile; fileRef = 870045EF2DD0D6F100D9F74D /* MyEventsView.swift */; };
		870045F92DD0D6F100D9F74D /* MyEventsViewModel.swift in Sources */ = {isa = PBXBuildFile; fileRef = 870045F02DD0D6F100D9F74D /* MyEventsViewModel.swift */; };
		870045FA2DD0D6F100D9F74D /* SubscriptionsView.swift in Sources */ = {isa = PBXBuildFile; fileRef = 870045F22DD0D6F100D9F74D /* SubscriptionsView.swift */; };
		870045FB2DD0D6F100D9F74D /* SubscriptionsViewModel.swift in Sources */ = {isa = PBXBuildFile; fileRef = 870045F32DD0D6F100D9F74D /* SubscriptionsViewModel.swift */; };
		870045FF2DD0D8A000D9F74D /* MapSwitcherView.swift in Sources */ = {isa = PBXBuildFile; fileRef = 870045FE2DD0D8A000D9F74D /* MapSwitcherView.swift */; };
		870046012DD0FE6300D9F74D /* FixedSizeView.swift in Sources */ = {isa = PBXBuildFile; fileRef = 870046002DD0FE6300D9F74D /* FixedSizeView.swift */; };
		870046032DD1163D00D9F74D /* EventsCountView.swift in Sources */ = {isa = PBXBuildFile; fileRef = 870046022DD1163D00D9F74D /* EventsCountView.swift */; };
		870046052DD11C6F00D9F74D /* EventsBottomSpace.swift in Sources */ = {isa = PBXBuildFile; fileRef = 870046042DD11C6F00D9F74D /* EventsBottomSpace.swift */; };
		870046092DD13E0B00D9F74D /* EventsAccordionView.swift in Sources */ = {isa = PBXBuildFile; fileRef = 870046072DD13E0B00D9F74D /* EventsAccordionView.swift */; };
		8700460B2DD13E1700D9F74D /* EventsAccordionHeader.swift in Sources */ = {isa = PBXBuildFile; fileRef = 8700460A2DD13E1700D9F74D /* EventsAccordionHeader.swift */; };
		8704EC702DAEF5270008611D /* UIApplicationExt.swift in Sources */ = {isa = PBXBuildFile; fileRef = 8704EC6F2DAEF5270008611D /* UIApplicationExt.swift */; };
		8704EC722DAEFC530008611D /* AuthField.swift in Sources */ = {isa = PBXBuildFile; fileRef = 8704EC712DAEFC530008611D /* AuthField.swift */; };
		870660202DD2779C00B89097 /* MyEventsBottom.swift in Sources */ = {isa = PBXBuildFile; fileRef = 8706601F2DD2779C00B89097 /* MyEventsBottom.swift */; };
		870660222DD2783100B89097 /* FeedInteractionView.swift in Sources */ = {isa = PBXBuildFile; fileRef = 870660212DD2783100B89097 /* FeedInteractionView.swift */; };
		870660262DD2789F00B89097 /* SubscriptionsBottom.swift in Sources */ = {isa = PBXBuildFile; fileRef = 870660252DD2789F00B89097 /* SubscriptionsBottom.swift */; };
		8706602C2DD27B0800B89097 /* EmptyEventsView.swift in Sources */ = {isa = PBXBuildFile; fileRef = 8706602B2DD27B0800B89097 /* EmptyEventsView.swift */; };
		870660312DD27CBA00B89097 /* YTextField.swift in Sources */ = {isa = PBXBuildFile; fileRef = 870660302DD27CBA00B89097 /* YTextField.swift */; };
		870E3C8D2D4388D40043DA00 /* BuildEventModel.swift in Sources */ = {isa = PBXBuildFile; fileRef = 870E3C592D4388D40043DA00 /* BuildEventModel.swift */; };
		870E3C8E2D4388D40043DA00 /* AuthorizedEntryConst.swift in Sources */ = {isa = PBXBuildFile; fileRef = 870E3C862D4388D40043DA00 /* AuthorizedEntryConst.swift */; };
		870E3C952D4388D40043DA00 /* Colors.swift in Sources */ = {isa = PBXBuildFile; fileRef = 870E3C872D4388D40043DA00 /* Colors.swift */; };
		870E3C9A2D4388D40043DA00 /* YText.swift in Sources */ = {isa = PBXBuildFile; fileRef = 870E3C5F2D4388D40043DA00 /* YText.swift */; };
		870E3C9B2D4388D40043DA00 /* GradientLoader.swift in Sources */ = {isa = PBXBuildFile; fileRef = 870E3C552D4388D40043DA00 /* GradientLoader.swift */; };
		870E3C9C2D4388D40043DA00 /* BuildEventPlaceView.swift in Sources */ = {isa = PBXBuildFile; fileRef = 870E3C5D2D4388D40043DA00 /* BuildEventPlaceView.swift */; };
		870E3CA02D4388D40043DA00 /* GradientImage.swift in Sources */ = {isa = PBXBuildFile; fileRef = 870E3C532D4388D40043DA00 /* GradientImage.swift */; };
		870E3CA12D4388D40043DA00 /* Gradient.swift in Sources */ = {isa = PBXBuildFile; fileRef = 870E3C892D4388D40043DA00 /* Gradient.swift */; };
		870E3CA32D4388D40043DA00 /* UnlimitedText.swift in Sources */ = {isa = PBXBuildFile; fileRef = 870E3C542D4388D40043DA00 /* UnlimitedText.swift */; };
		870E3CA52D4388D40043DA00 /* TextFieldView.swift in Sources */ = {isa = PBXBuildFile; fileRef = 870E3C602D4388D40043DA00 /* TextFieldView.swift */; };
		870E3CA62D4388D40043DA00 /* BuildEventViewModel.swift in Sources */ = {isa = PBXBuildFile; fileRef = 870E3C632D4388D40043DA00 /* BuildEventViewModel.swift */; };
		870E3CA92D4388D40043DA00 /* BuildEventDatePicker.swift in Sources */ = {isa = PBXBuildFile; fileRef = 870E3C5E2D4388D40043DA00 /* BuildEventDatePicker.swift */; };
		870E3CAC2D4388D40043DA00 /* BuildEventView.swift in Sources */ = {isa = PBXBuildFile; fileRef = 870E3C612D4388D40043DA00 /* BuildEventView.swift */; };
		870E3CAE2D4388D40043DA00 /* Preview Assets.xcassets in Resources */ = {isa = PBXBuildFile; fileRef = 870E3C832D4388D40043DA00 /* Preview Assets.xcassets */; };
		870E3CAF2D4388D40043DA00 /* Assets.xcassets in Resources */ = {isa = PBXBuildFile; fileRef = 870E3C852D4388D40043DA00 /* Assets.xcassets */; };
		871903612DB834B4005DED9E /* BuildEventUIConfig.swift in Sources */ = {isa = PBXBuildFile; fileRef = 871903602DB834B4005DED9E /* BuildEventUIConfig.swift */; };
		871903682DB844DB005DED9E /* BuildEventType.swift in Sources */ = {isa = PBXBuildFile; fileRef = 871903672DB844DB005DED9E /* BuildEventType.swift */; };
		8723CFEF2DB55C8800A0E194 /* Cloudinary in Frameworks */ = {isa = PBXBuildFile; productRef = 8723CFEE2DB55C8800A0E194 /* Cloudinary */; };
		8723CFF42DB562A400A0E194 /* SDWebImageMapKit in Frameworks */ = {isa = PBXBuildFile; productRef = 8723CFF32DB562A400A0E194 /* SDWebImageMapKit */; };
		8723CFF82DB5985D00A0E194 /* Field.swift in Sources */ = {isa = PBXBuildFile; fileRef = 8723CFF72DB5985D00A0E194 /* Field.swift */; };
		872CBC4F2DB18E6900C7EBC4 /* InfoView.swift in Sources */ = {isa = PBXBuildFile; fileRef = 872CBC4E2DB18E6900C7EBC4 /* InfoView.swift */; };
		87336F4B2D7C329F00BD699A /* Const.swift in Sources */ = {isa = PBXBuildFile; fileRef = 87336F4A2D7C329F00BD699A /* Const.swift */; };
		87336F612D7C51A600BD699A /* EventsConst.swift in Sources */ = {isa = PBXBuildFile; fileRef = 87336F602D7C51A600BD699A /* EventsConst.swift */; };
		87336F8F2D7C978B00BD699A /* BuildEventConst.swift in Sources */ = {isa = PBXBuildFile; fileRef = 87336F8E2D7C978B00BD699A /* BuildEventConst.swift */; };
		87336FAD2D7F6B7F00BD699A /* Seats.swift in Sources */ = {isa = PBXBuildFile; fileRef = 87336FAC2D7F6B7F00BD699A /* Seats.swift */; };
		8744C44E2DAD9CD6001A0A9F /* AuthInteractor.swift in Sources */ = {isa = PBXBuildFile; fileRef = 8744C44D2DAD9CD6001A0A9F /* AuthInteractor.swift */; };
		8744C4502DADA1CF001A0A9F /* PasswordView.swift in Sources */ = {isa = PBXBuildFile; fileRef = 8744C44F2DADA1CF001A0A9F /* PasswordView.swift */; };
		8744C4522DADA389001A0A9F /* ThinMaterialVStack.swift in Sources */ = {isa = PBXBuildFile; fileRef = 8744C4512DADA389001A0A9F /* ThinMaterialVStack.swift */; };
		8744C4542DADA8DA001A0A9F /* AuthButton.swift in Sources */ = {isa = PBXBuildFile; fileRef = 8744C4532DADA8DA001A0A9F /* AuthButton.swift */; };
		8744C4562DADAC47001A0A9F /* AuthConst.swift in Sources */ = {isa = PBXBuildFile; fileRef = 8744C4552DADAC47001A0A9F /* AuthConst.swift */; };
		8744C4582DADB691001A0A9F /* YSecureField.swift in Sources */ = {isa = PBXBuildFile; fileRef = 8744C4572DADB691001A0A9F /* YSecureField.swift */; };
		8744C4602DADB70A001A0A9F /* CircleButton.swift in Sources */ = {isa = PBXBuildFile; fileRef = 8744C45C2DADB70A001A0A9F /* CircleButton.swift */; };
		8744C4642DADBE65001A0A9F /* YUser.swift in Sources */ = {isa = PBXBuildFile; fileRef = 8744C4632DADBE65001A0A9F /* YUser.swift */; };
		8744C4692DADC05F001A0A9F /* DatabaseService.swift in Sources */ = {isa = PBXBuildFile; fileRef = 8744C4682DADC05F001A0A9F /* DatabaseService.swift */; };
		8751D85F2DBAD57C0004C61B /* EventType.swift in Sources */ = {isa = PBXBuildFile; fileRef = 8751D85E2DBAD57C0004C61B /* EventType.swift */; };
		8751D8692DBAD5C80004C61B /* EventCard.swift in Sources */ = {isa = PBXBuildFile; fileRef = 8751D8612DBAD5C80004C61B /* EventCard.swift */; };
		8751D86A2DBAD5C80004C61B /* EventCardButton.swift in Sources */ = {isa = PBXBuildFile; fileRef = 8751D8622DBAD5C80004C61B /* EventCardButton.swift */; };
		8751D86B2DBAD5C80004C61B /* EventCardDateLabel.swift in Sources */ = {isa = PBXBuildFile; fileRef = 8751D8632DBAD5C80004C61B /* EventCardDateLabel.swift */; };
		8751D86D2DBAD5C80004C61B /* EventCardSeatsLabel.swift in Sources */ = {isa = PBXBuildFile; fileRef = 8751D8652DBAD5C80004C61B /* EventCardSeatsLabel.swift */; };
		8751D86E2DBAD5C80004C61B /* EventCardTitleLabel.swift in Sources */ = {isa = PBXBuildFile; fileRef = 8751D8662DBAD5C80004C61B /* EventCardTitleLabel.swift */; };
		8751D86F2DBAD5C80004C61B /* EventCardVStack.swift in Sources */ = {isa = PBXBuildFile; fileRef = 8751D8672DBAD5C80004C61B /* EventCardVStack.swift */; };
		8751D8752DBAD5E10004C61B /* NavBar.swift in Sources */ = {isa = PBXBuildFile; fileRef = 8751D8712DBAD5E10004C61B /* NavBar.swift */; };
		8751D8762DBAD5E10004C61B /* NavBarStack.swift in Sources */ = {isa = PBXBuildFile; fileRef = 8751D8722DBAD5E10004C61B /* NavBarStack.swift */; };
		8751D8772DBAD5E10004C61B /* NavBarTabItem.swift in Sources */ = {isa = PBXBuildFile; fileRef = 8751D8732DBAD5E10004C61B /* NavBarTabItem.swift */; };
		8752B6F82D455A710017F2B8 /* BuildEventPlaceMap.swift in Sources */ = {isa = PBXBuildFile; fileRef = 8752B6F72D455A710017F2B8 /* BuildEventPlaceMap.swift */; };
		8752B7062D468D3E0017F2B8 /* YImage.swift in Sources */ = {isa = PBXBuildFile; fileRef = 8752B7052D468D3E0017F2B8 /* YImage.swift */; };
		877DE7F02DC3CFBC00E48666 /* EventCardLoadingButton.swift in Sources */ = {isa = PBXBuildFile; fileRef = 877DE7EF2DC3CFBC00E48666 /* EventCardLoadingButton.swift */; };
		877DE7F52DC4D9F000E48666 /* GeoFire in Frameworks */ = {isa = PBXBuildFile; productRef = 877DE7F42DC4D9F000E48666 /* GeoFire */; };
		877DE7F72DC4D9F000E48666 /* GeoFireUtils in Frameworks */ = {isa = PBXBuildFile; productRef = 877DE7F62DC4D9F000E48666 /* GeoFireUtils */; };
		877DE7FD2DC7BDE200E48666 /* MapViewModel.swift in Sources */ = {isa = PBXBuildFile; fileRef = 877DE7FB2DC7BDE200E48666 /* MapViewModel.swift */; };
		878432E62D512A1500A24538 /* BuildEventImagePicker.swift in Sources */ = {isa = PBXBuildFile; fileRef = 878432E52D512A1500A24538 /* BuildEventImagePicker.swift */; };
		878637B52DC9333800410C8C /* ClusterMap in Frameworks */ = {isa = PBXBuildFile; productRef = 878637B42DC9333800410C8C /* ClusterMap */; };
		878637B72DC9333800410C8C /* ClusterMapSwiftUI in Frameworks */ = {isa = PBXBuildFile; productRef = 878637B62DC9333800410C8C /* ClusterMapSwiftUI */; };
		878637B92DC933B600410C8C /* MapAnnotation.swift in Sources */ = {isa = PBXBuildFile; fileRef = 878637B82DC933B600410C8C /* MapAnnotation.swift */; };
		878637C22DC94F3300410C8C /* MapCluster.swift in Sources */ = {isa = PBXBuildFile; fileRef = 878637C12DC94F3300410C8C /* MapCluster.swift */; };
		8786CF232DB3EF9D0010D079 /* InfoViewModel.swift in Sources */ = {isa = PBXBuildFile; fileRef = 8786CF222DB3EF9D0010D079 /* InfoViewModel.swift */; };
		8786CF252DB4CB120010D079 /* NavigationManager.swift in Sources */ = {isa = PBXBuildFile; fileRef = 8786CF242DB4CB120010D079 /* NavigationManager.swift */; };
		8786CF2B2DB4CBC80010D079 /* RootView.swift in Sources */ = {isa = PBXBuildFile; fileRef = 8786CF292DB4CBC80010D079 /* RootView.swift */; };
		8786CF2D2DB4D3260010D079 /* LocationAuthStatus.swift in Sources */ = {isa = PBXBuildFile; fileRef = 8786CF2C2DB4D3260010D079 /* LocationAuthStatus.swift */; };
		8786CF352DB4EA920010D079 /* CapsuleButton.swift in Sources */ = {isa = PBXBuildFile; fileRef = 8786CF342DB4EA920010D079 /* CapsuleButton.swift */; };
		8786CF372DB4FCC60010D079 /* Event.swift in Sources */ = {isa = PBXBuildFile; fileRef = 8786CF362DB4FCC60010D079 /* Event.swift */; };
		879592BE2DBD057C009B63D3 /* SDWebImageSwiftUI in Frameworks */ = {isa = PBXBuildFile; productRef = 879592BD2DBD057C009B63D3 /* SDWebImageSwiftUI */; };
		879ADAFF2D80A18400F43C04 /* LocationHandler.swift in Sources */ = {isa = PBXBuildFile; fileRef = 879ADAFE2D80A18400F43C04 /* LocationHandler.swift */; };
		879B8A8E2D4BB81000DB28CC /* DisabledLocationServicesView.swift in Sources */ = {isa = PBXBuildFile; fileRef = 879B8A8D2D4BB81000DB28CC /* DisabledLocationServicesView.swift */; };
		879D29862DB52B96004A0B4D /* ImageService.swift in Sources */ = {isa = PBXBuildFile; fileRef = 879D29852DB52B96004A0B4D /* ImageService.swift */; };
		879F2C092D46EF2A0027E46D /* EventLocationView.swift in Sources */ = {isa = PBXBuildFile; fileRef = 879F2C082D46EF2A0027E46D /* EventLocationView.swift */; };
		87B47A8F2D58B500007AA252 /* CornerRadius.swift in Sources */ = {isa = PBXBuildFile; fileRef = 87B47A8D2D58B500007AA252 /* CornerRadius.swift */; };
		87BD45332D515BD0001B8E1B /* BuildEventPlacePicker.swift in Sources */ = {isa = PBXBuildFile; fileRef = 87BD45322D515BD0001B8E1B /* BuildEventPlacePicker.swift */; };
		87C6B69D2D809E6A00AECA90 /* EventLocationViewModel.swift in Sources */ = {isa = PBXBuildFile; fileRef = 87C6B69C2D809E6A00AECA90 /* EventLocationViewModel.swift */; };
		87C997CF2D9B22E40069F73D /* AuthViewModel.swift in Sources */ = {isa = PBXBuildFile; fileRef = 87C997CE2D9B22E40069F73D /* AuthViewModel.swift */; };
		87C997D12D9B25EB0069F73D /* AuthView.swift in Sources */ = {isa = PBXBuildFile; fileRef = 87C997D02D9B25EB0069F73D /* AuthView.swift */; };
		87C997DB2D9B26F10069F73D /* EmailView.swift in Sources */ = {isa = PBXBuildFile; fileRef = 87C997DA2D9B26F10069F73D /* EmailView.swift */; };
		87C997DF2D9B28DD0069F73D /* NavBarViewModelProtocol.swift in Sources */ = {isa = PBXBuildFile; fileRef = 87C997DE2D9B28DD0069F73D /* NavBarViewModelProtocol.swift */; };
		87C997E52D9B3C7C0069F73D /* AuthTab.swift in Sources */ = {isa = PBXBuildFile; fileRef = 87C997E42D9B3C7C0069F73D /* AuthTab.swift */; };
		87CCF4CC2D8A054B005203CA /* Logger.swift in Sources */ = {isa = PBXBuildFile; fileRef = 87CCF4CB2D8A054B005203CA /* Logger.swift */; };
		87D14F2B2DCBFDBC0037ACBD /* EventsAccordionViewModel.swift in Sources */ = {isa = PBXBuildFile; fileRef = 87D14F2A2DCBFDBC0037ACBD /* EventsAccordionViewModel.swift */; };
		87D14F332DCE6D8A0037ACBD /* RectImageButton.swift in Sources */ = {isa = PBXBuildFile; fileRef = 87D14F322DCE6D8A0037ACBD /* RectImageButton.swift */; };
		87D14F372DCE71A90037ACBD /* LocationButton.swift in Sources */ = {isa = PBXBuildFile; fileRef = 87D14F362DCE71A90037ACBD /* LocationButton.swift */; };
		87D14F3E2DCE7D7F0037ACBD /* TabBarSpace.swift in Sources */ = {isa = PBXBuildFile; fileRef = 87D14F3D2DCE7D7F0037ACBD /* TabBarSpace.swift */; };
		87D14F402DCE7DA80037ACBD /* NavBarSpace.swift in Sources */ = {isa = PBXBuildFile; fileRef = 87D14F3F2DCE7DA80037ACBD /* NavBarSpace.swift */; };
		87D4D28A2D947BFD00A5E4B8 /* EventLocationPlaceDescription.swift in Sources */ = {isa = PBXBuildFile; fileRef = 87D4D2892D947BFD00A5E4B8 /* EventLocationPlaceDescription.swift */; };
		87D4D28C2D947C5900A5E4B8 /* EventLocationBottomButtons.swift in Sources */ = {isa = PBXBuildFile; fileRef = 87D4D28B2D947C5900A5E4B8 /* EventLocationBottomButtons.swift */; };
		87D4D2902D947E2300A5E4B8 /* EventLocationMap.swift in Sources */ = {isa = PBXBuildFile; fileRef = 87D4D28F2D947E2300A5E4B8 /* EventLocationMap.swift */; };
		87D4D2962D94803700A5E4B8 /* BuildEventHeader.swift in Sources */ = {isa = PBXBuildFile; fileRef = 87D4D2952D94803700A5E4B8 /* BuildEventHeader.swift */; };
		87D4D2982D94809D00A5E4B8 /* BuildEventTitle.swift in Sources */ = {isa = PBXBuildFile; fileRef = 87D4D2972D94809D00A5E4B8 /* BuildEventTitle.swift */; };
		87D4D29A2D94815600A5E4B8 /* BuildEventSeats.swift in Sources */ = {isa = PBXBuildFile; fileRef = 87D4D2992D94815600A5E4B8 /* BuildEventSeats.swift */; };
		87D4D29D2D94822100A5E4B8 /* BuildEventLink.swift in Sources */ = {isa = PBXBuildFile; fileRef = 87D4D29C2D94822100A5E4B8 /* BuildEventLink.swift */; };
		87D4D2A12D94829C00A5E4B8 /* BuildEventButton.swift in Sources */ = {isa = PBXBuildFile; fileRef = 87D4D2A02D94829C00A5E4B8 /* BuildEventButton.swift */; };
		87DAF8C22D4E74DA00C8C550 /* FontManager.swift in Sources */ = {isa = PBXBuildFile; fileRef = 87DAF8C12D4E74DA00C8C550 /* FontManager.swift */; };
		87DAF8C82D4E775300C8C550 /* MontserratAlternates-Medium.ttf in Resources */ = {isa = PBXBuildFile; fileRef = 87DAF8C52D4E775300C8C550 /* MontserratAlternates-Medium.ttf */; };
		87DAF8C92D4E775300C8C550 /* MontserratAlternates-Regular.ttf in Resources */ = {isa = PBXBuildFile; fileRef = 87DAF8C62D4E775300C8C550 /* MontserratAlternates-Regular.ttf */; };
		87DAF8CA2D4E775300C8C550 /* MontserratAlternates-Bold.ttf in Resources */ = {isa = PBXBuildFile; fileRef = 87DAF8C32D4E775300C8C550 /* MontserratAlternates-Bold.ttf */; };
		87DAF8CB2D4E775300C8C550 /* MontserratAlternates-ExtraBold.ttf in Resources */ = {isa = PBXBuildFile; fileRef = 87DAF8C42D4E775300C8C550 /* MontserratAlternates-ExtraBold.ttf */; };
		87DAF8CC2D4E775300C8C550 /* MontserratAlternates-SemiBold.ttf in Resources */ = {isa = PBXBuildFile; fileRef = 87DAF8C72D4E775300C8C550 /* MontserratAlternates-SemiBold.ttf */; };
		87DE0D752DBD285200D4DDF8 /* ImageDownloader.swift in Sources */ = {isa = PBXBuildFile; fileRef = 87DE0D732DBD285200D4DDF8 /* ImageDownloader.swift */; };
		87DE0D792DBD289900D4DDF8 /* ImageDownloaderViewModel.swift in Sources */ = {isa = PBXBuildFile; fileRef = 87DE0D782DBD289900D4DDF8 /* ImageDownloaderViewModel.swift */; };
		87DE0D7B2DBD2AD300D4DDF8 /* EventCardImage.swift in Sources */ = {isa = PBXBuildFile; fileRef = 87DE0D7A2DBD2AD300D4DDF8 /* EventCardImage.swift */; };
		87DE0D7D2DBD353300D4DDF8 /* Place.swift in Sources */ = {isa = PBXBuildFile; fileRef = 87DE0D7C2DBD353300D4DDF8 /* Place.swift */; };
		87DE0D9D2DBFFF6800D4DDF8 /* DeleteEventButton.swift in Sources */ = {isa = PBXBuildFile; fileRef = 87DE0D9C2DBFFF6800D4DDF8 /* DeleteEventButton.swift */; };
		87DE0DA02DC002FF00D4DDF8 /* FooterButtonsPack.swift in Sources */ = {isa = PBXBuildFile; fileRef = 87DE0D9F2DC002FF00D4DDF8 /* FooterButtonsPack.swift */; };
		87DE0DAA2DC15DDC00D4DDF8 /* Loader.swift in Sources */ = {isa = PBXBuildFile; fileRef = 87DE0DA92DC15DDC00D4DDF8 /* Loader.swift */; };
		87DE0DAD2DC1777A00D4DDF8 /* TableFetchDataProtocol.swift in Sources */ = {isa = PBXBuildFile; fileRef = 87DE0DAC2DC1777A00D4DDF8 /* TableFetchDataProtocol.swift */; };
		87DF29C82DCAAF2400332AFE /* EventOnMap.swift in Sources */ = {isa = PBXBuildFile; fileRef = 87DF29C72DCAAF2400332AFE /* EventOnMap.swift */; };
		87DF29CC2DCAB15600332AFE /* CircleLabel.swift in Sources */ = {isa = PBXBuildFile; fileRef = 87DF29CB2DCAB15600332AFE /* CircleLabel.swift */; };
		87FC48442D52089600F6D8CC /* BuildEventVStack.swift in Sources */ = {isa = PBXBuildFile; fileRef = 87FC48432D52089600F6D8CC /* BuildEventVStack.swift */; };
		87FDD9352D82F25700C2B5EC /* EventCardViewModelProtocol.swift in Sources */ = {isa = PBXBuildFile; fileRef = 87FDD9342D82F25700C2B5EC /* EventCardViewModelProtocol.swift */; };
		87FDD9372D82F5D500C2B5EC /* DateHandler.swift in Sources */ = {isa = PBXBuildFile; fileRef = 87FDD9362D82F5D500C2B5EC /* DateHandler.swift */; };
		87FDD9392D82F73400C2B5EC /* EventHandler.swift in Sources */ = {isa = PBXBuildFile; fileRef = 87FDD9382D82F73400C2B5EC /* EventHandler.swift */; };
		87FDD9422D836C8300C2B5EC /* FirebaseAuth in Frameworks */ = {isa = PBXBuildFile; productRef = 87FDD9412D836C8300C2B5EC /* FirebaseAuth */; };
		87FDD9442D836C8300C2B5EC /* FirebaseFirestore in Frameworks */ = {isa = PBXBuildFile; productRef = 87FDD9432D836C8300C2B5EC /* FirebaseFirestore */; };
		87FDD9462D836C8300C2B5EC /* FirebaseStorage in Frameworks */ = {isa = PBXBuildFile; productRef = 87FDD9452D836C8300C2B5EC /* FirebaseStorage */; };
		DF7D99202CE122D70018E694 /* YamApp.swift in Sources */ = {isa = PBXBuildFile; fileRef = DF7D991B2CE122D70018E694 /* YamApp.swift */; };
/* End PBXBuildFile section */

/* Begin PBXFileReference section */
		8700459A2DCE91D500D9F74D /* DismissButton.swift */ = {isa = PBXFileReference; lastKnownFileType = sourcecode.swift; path = DismissButton.swift; sourceTree = "<group>"; };
		8700459C2DCE932B00D9F74D /* VerticalSpace.swift */ = {isa = PBXFileReference; lastKnownFileType = sourcecode.swift; path = VerticalSpace.swift; sourceTree = "<group>"; };
		870045A12DCF244D00D9F74D /* MapView.swift */ = {isa = PBXFileReference; lastKnownFileType = sourcecode.swift; path = MapView.swift; sourceTree = "<group>"; };
		870045A92DD09B9B00D9F74D /* MapBottomButtons.swift */ = {isa = PBXFileReference; lastKnownFileType = sourcecode.swift; path = MapBottomButtons.swift; sourceTree = "<group>"; };
		870045AA2DD09B9B00D9F74D /* EventsOnMapButton.swift */ = {isa = PBXFileReference; lastKnownFileType = sourcecode.swift; path = EventsOnMapButton.swift; sourceTree = "<group>"; };
		870045AE2DD09BF800D9F74D /* OpenEventsButton.swift */ = {isa = PBXFileReference; lastKnownFileType = sourcecode.swift; path = OpenEventsButton.swift; sourceTree = "<group>"; };
		870045B02DD0C04E00D9F74D /* OpenInfoButton.swift */ = {isa = PBXFileReference; lastKnownFileType = sourcecode.swift; path = OpenInfoButton.swift; sourceTree = "<group>"; };
		870045B32DD0C15900D9F74D /* MapClusterView.swift */ = {isa = PBXFileReference; lastKnownFileType = sourcecode.swift; path = MapClusterView.swift; sourceTree = "<group>"; };
		870045B42DD0C15900D9F74D /* MapEventAnnotation.swift */ = {isa = PBXFileReference; lastKnownFileType = sourcecode.swift; path = MapEventAnnotation.swift; sourceTree = "<group>"; };
		870045BC2DD0C71600D9F74D /* EventsViewModel.swift */ = {isa = PBXFileReference; lastKnownFileType = sourcecode.swift; path = EventsViewModel.swift; sourceTree = "<group>"; };
		870045C12DD0C83F00D9F74D /* EventsTabItemConfig.swift */ = {isa = PBXFileReference; lastKnownFileType = sourcecode.swift; path = EventsTabItemConfig.swift; sourceTree = "<group>"; };
		870045C42DD0C86900D9F74D /* EventsTab.swift */ = {isa = PBXFileReference; lastKnownFileType = sourcecode.swift; path = EventsTab.swift; sourceTree = "<group>"; };
		870045D52DD0D0C900D9F74D /* EventsTabBar.swift */ = {isa = PBXFileReference; lastKnownFileType = sourcecode.swift; path = EventsTabBar.swift; sourceTree = "<group>"; };
		870045D62DD0D0C900D9F74D /* EventsView.swift */ = {isa = PBXFileReference; lastKnownFileType = sourcecode.swift; path = EventsView.swift; sourceTree = "<group>"; };
		870045EC2DD0D6F100D9F74D /* FeedView.swift */ = {isa = PBXFileReference; lastKnownFileType = sourcecode.swift; path = FeedView.swift; sourceTree = "<group>"; };
		870045ED2DD0D6F100D9F74D /* FeedViewModel.swift */ = {isa = PBXFileReference; lastKnownFileType = sourcecode.swift; path = FeedViewModel.swift; sourceTree = "<group>"; };
		870045EF2DD0D6F100D9F74D /* MyEventsView.swift */ = {isa = PBXFileReference; lastKnownFileType = sourcecode.swift; path = MyEventsView.swift; sourceTree = "<group>"; };
		870045F02DD0D6F100D9F74D /* MyEventsViewModel.swift */ = {isa = PBXFileReference; lastKnownFileType = sourcecode.swift; path = MyEventsViewModel.swift; sourceTree = "<group>"; };
		870045F22DD0D6F100D9F74D /* SubscriptionsView.swift */ = {isa = PBXFileReference; lastKnownFileType = sourcecode.swift; path = SubscriptionsView.swift; sourceTree = "<group>"; };
		870045F32DD0D6F100D9F74D /* SubscriptionsViewModel.swift */ = {isa = PBXFileReference; lastKnownFileType = sourcecode.swift; path = SubscriptionsViewModel.swift; sourceTree = "<group>"; };
		870045FE2DD0D8A000D9F74D /* MapSwitcherView.swift */ = {isa = PBXFileReference; lastKnownFileType = sourcecode.swift; path = MapSwitcherView.swift; sourceTree = "<group>"; };
		870046002DD0FE6300D9F74D /* FixedSizeView.swift */ = {isa = PBXFileReference; lastKnownFileType = sourcecode.swift; path = FixedSizeView.swift; sourceTree = "<group>"; };
		870046022DD1163D00D9F74D /* EventsCountView.swift */ = {isa = PBXFileReference; lastKnownFileType = sourcecode.swift; path = EventsCountView.swift; sourceTree = "<group>"; };
		870046042DD11C6F00D9F74D /* EventsBottomSpace.swift */ = {isa = PBXFileReference; lastKnownFileType = sourcecode.swift; path = EventsBottomSpace.swift; sourceTree = "<group>"; };
		870046072DD13E0B00D9F74D /* EventsAccordionView.swift */ = {isa = PBXFileReference; lastKnownFileType = sourcecode.swift; path = EventsAccordionView.swift; sourceTree = "<group>"; };
		8700460A2DD13E1700D9F74D /* EventsAccordionHeader.swift */ = {isa = PBXFileReference; lastKnownFileType = sourcecode.swift; path = EventsAccordionHeader.swift; sourceTree = "<group>"; };
		8704EC6F2DAEF5270008611D /* UIApplicationExt.swift */ = {isa = PBXFileReference; lastKnownFileType = sourcecode.swift; path = UIApplicationExt.swift; sourceTree = "<group>"; };
		8704EC712DAEFC530008611D /* AuthField.swift */ = {isa = PBXFileReference; lastKnownFileType = sourcecode.swift; path = AuthField.swift; sourceTree = "<group>"; };
		8706601F2DD2779C00B89097 /* MyEventsBottom.swift */ = {isa = PBXFileReference; lastKnownFileType = sourcecode.swift; path = MyEventsBottom.swift; sourceTree = "<group>"; };
		870660212DD2783100B89097 /* FeedInteractionView.swift */ = {isa = PBXFileReference; lastKnownFileType = sourcecode.swift; path = FeedInteractionView.swift; sourceTree = "<group>"; };
		870660252DD2789F00B89097 /* SubscriptionsBottom.swift */ = {isa = PBXFileReference; lastKnownFileType = sourcecode.swift; path = SubscriptionsBottom.swift; sourceTree = "<group>"; };
		8706602B2DD27B0800B89097 /* EmptyEventsView.swift */ = {isa = PBXFileReference; lastKnownFileType = sourcecode.swift; path = EmptyEventsView.swift; sourceTree = "<group>"; };
		870660302DD27CBA00B89097 /* YTextField.swift */ = {isa = PBXFileReference; lastKnownFileType = sourcecode.swift; path = YTextField.swift; sourceTree = "<group>"; };
		870E3C532D4388D40043DA00 /* GradientImage.swift */ = {isa = PBXFileReference; lastKnownFileType = sourcecode.swift; path = GradientImage.swift; sourceTree = "<group>"; };
		870E3C542D4388D40043DA00 /* UnlimitedText.swift */ = {isa = PBXFileReference; lastKnownFileType = sourcecode.swift; path = UnlimitedText.swift; sourceTree = "<group>"; };
		870E3C552D4388D40043DA00 /* GradientLoader.swift */ = {isa = PBXFileReference; lastKnownFileType = sourcecode.swift; path = GradientLoader.swift; sourceTree = "<group>"; };
		870E3C592D4388D40043DA00 /* BuildEventModel.swift */ = {isa = PBXFileReference; lastKnownFileType = sourcecode.swift; path = BuildEventModel.swift; sourceTree = "<group>"; };
		870E3C5D2D4388D40043DA00 /* BuildEventPlaceView.swift */ = {isa = PBXFileReference; lastKnownFileType = sourcecode.swift; path = BuildEventPlaceView.swift; sourceTree = "<group>"; };
		870E3C5E2D4388D40043DA00 /* BuildEventDatePicker.swift */ = {isa = PBXFileReference; lastKnownFileType = sourcecode.swift; path = BuildEventDatePicker.swift; sourceTree = "<group>"; };
		870E3C5F2D4388D40043DA00 /* YText.swift */ = {isa = PBXFileReference; lastKnownFileType = sourcecode.swift; path = YText.swift; sourceTree = "<group>"; };
		870E3C602D4388D40043DA00 /* TextFieldView.swift */ = {isa = PBXFileReference; lastKnownFileType = sourcecode.swift; path = TextFieldView.swift; sourceTree = "<group>"; };
		870E3C612D4388D40043DA00 /* BuildEventView.swift */ = {isa = PBXFileReference; lastKnownFileType = sourcecode.swift; path = BuildEventView.swift; sourceTree = "<group>"; };
		870E3C632D4388D40043DA00 /* BuildEventViewModel.swift */ = {isa = PBXFileReference; lastKnownFileType = sourcecode.swift; path = BuildEventViewModel.swift; sourceTree = "<group>"; };
		870E3C832D4388D40043DA00 /* Preview Assets.xcassets */ = {isa = PBXFileReference; lastKnownFileType = folder.assetcatalog; path = "Preview Assets.xcassets"; sourceTree = "<group>"; };
		870E3C852D4388D40043DA00 /* Assets.xcassets */ = {isa = PBXFileReference; lastKnownFileType = folder.assetcatalog; path = Assets.xcassets; sourceTree = "<group>"; };
		870E3C862D4388D40043DA00 /* AuthorizedEntryConst.swift */ = {isa = PBXFileReference; lastKnownFileType = sourcecode.swift; path = AuthorizedEntryConst.swift; sourceTree = "<group>"; };
		870E3C872D4388D40043DA00 /* Colors.swift */ = {isa = PBXFileReference; lastKnownFileType = sourcecode.swift; path = Colors.swift; sourceTree = "<group>"; };
		870E3C892D4388D40043DA00 /* Gradient.swift */ = {isa = PBXFileReference; lastKnownFileType = sourcecode.swift; path = Gradient.swift; sourceTree = "<group>"; };
		871903602DB834B4005DED9E /* BuildEventUIConfig.swift */ = {isa = PBXFileReference; lastKnownFileType = sourcecode.swift; path = BuildEventUIConfig.swift; sourceTree = "<group>"; };
		871903672DB844DB005DED9E /* BuildEventType.swift */ = {isa = PBXFileReference; lastKnownFileType = sourcecode.swift; path = BuildEventType.swift; sourceTree = "<group>"; };
		8723CFF72DB5985D00A0E194 /* Field.swift */ = {isa = PBXFileReference; lastKnownFileType = sourcecode.swift; path = Field.swift; sourceTree = "<group>"; };
		872CBC4E2DB18E6900C7EBC4 /* InfoView.swift */ = {isa = PBXFileReference; lastKnownFileType = sourcecode.swift; path = InfoView.swift; sourceTree = "<group>"; };
		87336F4A2D7C329F00BD699A /* Const.swift */ = {isa = PBXFileReference; lastKnownFileType = sourcecode.swift; path = Const.swift; sourceTree = "<group>"; };
		87336F602D7C51A600BD699A /* EventsConst.swift */ = {isa = PBXFileReference; lastKnownFileType = sourcecode.swift; path = EventsConst.swift; sourceTree = "<group>"; };
		87336F8E2D7C978B00BD699A /* BuildEventConst.swift */ = {isa = PBXFileReference; lastKnownFileType = sourcecode.swift; path = BuildEventConst.swift; sourceTree = "<group>"; };
		87336FAC2D7F6B7F00BD699A /* Seats.swift */ = {isa = PBXFileReference; lastKnownFileType = sourcecode.swift; path = Seats.swift; sourceTree = "<group>"; };
		8744C44D2DAD9CD6001A0A9F /* AuthInteractor.swift */ = {isa = PBXFileReference; lastKnownFileType = sourcecode.swift; path = AuthInteractor.swift; sourceTree = "<group>"; };
		8744C44F2DADA1CF001A0A9F /* PasswordView.swift */ = {isa = PBXFileReference; lastKnownFileType = sourcecode.swift; path = PasswordView.swift; sourceTree = "<group>"; };
		8744C4512DADA389001A0A9F /* ThinMaterialVStack.swift */ = {isa = PBXFileReference; lastKnownFileType = sourcecode.swift; path = ThinMaterialVStack.swift; sourceTree = "<group>"; };
		8744C4532DADA8DA001A0A9F /* AuthButton.swift */ = {isa = PBXFileReference; lastKnownFileType = sourcecode.swift; path = AuthButton.swift; sourceTree = "<group>"; };
		8744C4552DADAC47001A0A9F /* AuthConst.swift */ = {isa = PBXFileReference; lastKnownFileType = sourcecode.swift; path = AuthConst.swift; sourceTree = "<group>"; };
		8744C4572DADB691001A0A9F /* YSecureField.swift */ = {isa = PBXFileReference; lastKnownFileType = sourcecode.swift; path = YSecureField.swift; sourceTree = "<group>"; };
		8744C45C2DADB70A001A0A9F /* CircleButton.swift */ = {isa = PBXFileReference; lastKnownFileType = sourcecode.swift; path = CircleButton.swift; sourceTree = "<group>"; };
		8744C4632DADBE65001A0A9F /* YUser.swift */ = {isa = PBXFileReference; lastKnownFileType = sourcecode.swift; path = YUser.swift; sourceTree = "<group>"; };
		8744C4682DADC05F001A0A9F /* DatabaseService.swift */ = {isa = PBXFileReference; lastKnownFileType = sourcecode.swift; path = DatabaseService.swift; sourceTree = "<group>"; };
		8751D85E2DBAD57C0004C61B /* EventType.swift */ = {isa = PBXFileReference; lastKnownFileType = sourcecode.swift; path = EventType.swift; sourceTree = "<group>"; };
		8751D8612DBAD5C80004C61B /* EventCard.swift */ = {isa = PBXFileReference; lastKnownFileType = sourcecode.swift; path = EventCard.swift; sourceTree = "<group>"; };
		8751D8622DBAD5C80004C61B /* EventCardButton.swift */ = {isa = PBXFileReference; lastKnownFileType = sourcecode.swift; path = EventCardButton.swift; sourceTree = "<group>"; };
		8751D8632DBAD5C80004C61B /* EventCardDateLabel.swift */ = {isa = PBXFileReference; lastKnownFileType = sourcecode.swift; path = EventCardDateLabel.swift; sourceTree = "<group>"; };
		8751D8652DBAD5C80004C61B /* EventCardSeatsLabel.swift */ = {isa = PBXFileReference; lastKnownFileType = sourcecode.swift; path = EventCardSeatsLabel.swift; sourceTree = "<group>"; };
		8751D8662DBAD5C80004C61B /* EventCardTitleLabel.swift */ = {isa = PBXFileReference; lastKnownFileType = sourcecode.swift; path = EventCardTitleLabel.swift; sourceTree = "<group>"; };
		8751D8672DBAD5C80004C61B /* EventCardVStack.swift */ = {isa = PBXFileReference; lastKnownFileType = sourcecode.swift; path = EventCardVStack.swift; sourceTree = "<group>"; };
		8751D8712DBAD5E10004C61B /* NavBar.swift */ = {isa = PBXFileReference; lastKnownFileType = sourcecode.swift; path = NavBar.swift; sourceTree = "<group>"; };
		8751D8722DBAD5E10004C61B /* NavBarStack.swift */ = {isa = PBXFileReference; lastKnownFileType = sourcecode.swift; path = NavBarStack.swift; sourceTree = "<group>"; };
		8751D8732DBAD5E10004C61B /* NavBarTabItem.swift */ = {isa = PBXFileReference; lastKnownFileType = sourcecode.swift; path = NavBarTabItem.swift; sourceTree = "<group>"; };
		8752B6F72D455A710017F2B8 /* BuildEventPlaceMap.swift */ = {isa = PBXFileReference; lastKnownFileType = sourcecode.swift; path = BuildEventPlaceMap.swift; sourceTree = "<group>"; };
		8752B7052D468D3E0017F2B8 /* YImage.swift */ = {isa = PBXFileReference; lastKnownFileType = sourcecode.swift; path = YImage.swift; sourceTree = "<group>"; };
		877DE7EF2DC3CFBC00E48666 /* EventCardLoadingButton.swift */ = {isa = PBXFileReference; lastKnownFileType = sourcecode.swift; path = EventCardLoadingButton.swift; sourceTree = "<group>"; };
		877DE7FB2DC7BDE200E48666 /* MapViewModel.swift */ = {isa = PBXFileReference; lastKnownFileType = sourcecode.swift; path = MapViewModel.swift; sourceTree = "<group>"; };
		878432E52D512A1500A24538 /* BuildEventImagePicker.swift */ = {isa = PBXFileReference; lastKnownFileType = sourcecode.swift; path = BuildEventImagePicker.swift; sourceTree = "<group>"; };
		878637B82DC933B600410C8C /* MapAnnotation.swift */ = {isa = PBXFileReference; lastKnownFileType = sourcecode.swift; path = MapAnnotation.swift; sourceTree = "<group>"; };
		878637C12DC94F3300410C8C /* MapCluster.swift */ = {isa = PBXFileReference; lastKnownFileType = sourcecode.swift; path = MapCluster.swift; sourceTree = "<group>"; };
		8786CF222DB3EF9D0010D079 /* InfoViewModel.swift */ = {isa = PBXFileReference; lastKnownFileType = sourcecode.swift; path = InfoViewModel.swift; sourceTree = "<group>"; };
		8786CF242DB4CB120010D079 /* NavigationManager.swift */ = {isa = PBXFileReference; lastKnownFileType = sourcecode.swift; path = NavigationManager.swift; sourceTree = "<group>"; };
		8786CF292DB4CBC80010D079 /* RootView.swift */ = {isa = PBXFileReference; lastKnownFileType = sourcecode.swift; path = RootView.swift; sourceTree = "<group>"; };
		8786CF2C2DB4D3260010D079 /* LocationAuthStatus.swift */ = {isa = PBXFileReference; lastKnownFileType = sourcecode.swift; path = LocationAuthStatus.swift; sourceTree = "<group>"; };
		8786CF342DB4EA920010D079 /* CapsuleButton.swift */ = {isa = PBXFileReference; lastKnownFileType = sourcecode.swift; path = CapsuleButton.swift; sourceTree = "<group>"; };
		8786CF362DB4FCC60010D079 /* Event.swift */ = {isa = PBXFileReference; lastKnownFileType = sourcecode.swift; path = Event.swift; sourceTree = "<group>"; };
		879ADAFE2D80A18400F43C04 /* LocationHandler.swift */ = {isa = PBXFileReference; lastKnownFileType = sourcecode.swift; path = LocationHandler.swift; sourceTree = "<group>"; };
		879B8A8D2D4BB81000DB28CC /* DisabledLocationServicesView.swift */ = {isa = PBXFileReference; lastKnownFileType = sourcecode.swift; path = DisabledLocationServicesView.swift; sourceTree = "<group>"; };
		879D29852DB52B96004A0B4D /* ImageService.swift */ = {isa = PBXFileReference; lastKnownFileType = sourcecode.swift; path = ImageService.swift; sourceTree = "<group>"; };
		879F2C082D46EF2A0027E46D /* EventLocationView.swift */ = {isa = PBXFileReference; lastKnownFileType = sourcecode.swift; path = EventLocationView.swift; sourceTree = "<group>"; };
		87B47A8D2D58B500007AA252 /* CornerRadius.swift */ = {isa = PBXFileReference; lastKnownFileType = sourcecode.swift; path = CornerRadius.swift; sourceTree = "<group>"; };
		87BD45322D515BD0001B8E1B /* BuildEventPlacePicker.swift */ = {isa = PBXFileReference; lastKnownFileType = sourcecode.swift; path = BuildEventPlacePicker.swift; sourceTree = "<group>"; };
		87C6B69C2D809E6A00AECA90 /* EventLocationViewModel.swift */ = {isa = PBXFileReference; lastKnownFileType = sourcecode.swift; path = EventLocationViewModel.swift; sourceTree = "<group>"; };
		87C997CE2D9B22E40069F73D /* AuthViewModel.swift */ = {isa = PBXFileReference; lastKnownFileType = sourcecode.swift; path = AuthViewModel.swift; sourceTree = "<group>"; };
		87C997D02D9B25EB0069F73D /* AuthView.swift */ = {isa = PBXFileReference; lastKnownFileType = sourcecode.swift; path = AuthView.swift; sourceTree = "<group>"; };
		87C997DA2D9B26F10069F73D /* EmailView.swift */ = {isa = PBXFileReference; lastKnownFileType = sourcecode.swift; path = EmailView.swift; sourceTree = "<group>"; };
		87C997DE2D9B28DD0069F73D /* NavBarViewModelProtocol.swift */ = {isa = PBXFileReference; lastKnownFileType = sourcecode.swift; path = NavBarViewModelProtocol.swift; sourceTree = "<group>"; };
		87C997E42D9B3C7C0069F73D /* AuthTab.swift */ = {isa = PBXFileReference; lastKnownFileType = sourcecode.swift; path = AuthTab.swift; sourceTree = "<group>"; };
		87CCF4CB2D8A054B005203CA /* Logger.swift */ = {isa = PBXFileReference; lastKnownFileType = sourcecode.swift; path = Logger.swift; sourceTree = "<group>"; };
		87D14F2A2DCBFDBC0037ACBD /* EventsAccordionViewModel.swift */ = {isa = PBXFileReference; lastKnownFileType = sourcecode.swift; path = EventsAccordionViewModel.swift; sourceTree = "<group>"; };
		87D14F322DCE6D8A0037ACBD /* RectImageButton.swift */ = {isa = PBXFileReference; lastKnownFileType = sourcecode.swift; path = RectImageButton.swift; sourceTree = "<group>"; };
		87D14F362DCE71A90037ACBD /* LocationButton.swift */ = {isa = PBXFileReference; lastKnownFileType = sourcecode.swift; path = LocationButton.swift; sourceTree = "<group>"; };
		87D14F3D2DCE7D7F0037ACBD /* TabBarSpace.swift */ = {isa = PBXFileReference; lastKnownFileType = sourcecode.swift; path = TabBarSpace.swift; sourceTree = "<group>"; };
		87D14F3F2DCE7DA80037ACBD /* NavBarSpace.swift */ = {isa = PBXFileReference; lastKnownFileType = sourcecode.swift; path = NavBarSpace.swift; sourceTree = "<group>"; };
		87D4D2892D947BFD00A5E4B8 /* EventLocationPlaceDescription.swift */ = {isa = PBXFileReference; lastKnownFileType = sourcecode.swift; path = EventLocationPlaceDescription.swift; sourceTree = "<group>"; };
		87D4D28B2D947C5900A5E4B8 /* EventLocationBottomButtons.swift */ = {isa = PBXFileReference; lastKnownFileType = sourcecode.swift; path = EventLocationBottomButtons.swift; sourceTree = "<group>"; };
		87D4D28F2D947E2300A5E4B8 /* EventLocationMap.swift */ = {isa = PBXFileReference; lastKnownFileType = sourcecode.swift; path = EventLocationMap.swift; sourceTree = "<group>"; };
		87D4D2952D94803700A5E4B8 /* BuildEventHeader.swift */ = {isa = PBXFileReference; lastKnownFileType = sourcecode.swift; path = BuildEventHeader.swift; sourceTree = "<group>"; };
		87D4D2972D94809D00A5E4B8 /* BuildEventTitle.swift */ = {isa = PBXFileReference; lastKnownFileType = sourcecode.swift; path = BuildEventTitle.swift; sourceTree = "<group>"; };
		87D4D2992D94815600A5E4B8 /* BuildEventSeats.swift */ = {isa = PBXFileReference; lastKnownFileType = sourcecode.swift; path = BuildEventSeats.swift; sourceTree = "<group>"; };
		87D4D29C2D94822100A5E4B8 /* BuildEventLink.swift */ = {isa = PBXFileReference; lastKnownFileType = sourcecode.swift; path = BuildEventLink.swift; sourceTree = "<group>"; };
		87D4D2A02D94829C00A5E4B8 /* BuildEventButton.swift */ = {isa = PBXFileReference; lastKnownFileType = sourcecode.swift; path = BuildEventButton.swift; sourceTree = "<group>"; };
		87DAF8C02D4E747D00C8C550 /* Info.plist */ = {isa = PBXFileReference; lastKnownFileType = text.plist; path = Info.plist; sourceTree = "<group>"; };
		87DAF8C12D4E74DA00C8C550 /* FontManager.swift */ = {isa = PBXFileReference; lastKnownFileType = sourcecode.swift; path = FontManager.swift; sourceTree = "<group>"; };
		87DAF8C32D4E775300C8C550 /* MontserratAlternates-Bold.ttf */ = {isa = PBXFileReference; lastKnownFileType = file; path = "MontserratAlternates-Bold.ttf"; sourceTree = "<group>"; };
		87DAF8C42D4E775300C8C550 /* MontserratAlternates-ExtraBold.ttf */ = {isa = PBXFileReference; lastKnownFileType = file; path = "MontserratAlternates-ExtraBold.ttf"; sourceTree = "<group>"; };
		87DAF8C52D4E775300C8C550 /* MontserratAlternates-Medium.ttf */ = {isa = PBXFileReference; lastKnownFileType = file; path = "MontserratAlternates-Medium.ttf"; sourceTree = "<group>"; };
		87DAF8C62D4E775300C8C550 /* MontserratAlternates-Regular.ttf */ = {isa = PBXFileReference; lastKnownFileType = file; path = "MontserratAlternates-Regular.ttf"; sourceTree = "<group>"; };
		87DAF8C72D4E775300C8C550 /* MontserratAlternates-SemiBold.ttf */ = {isa = PBXFileReference; lastKnownFileType = file; path = "MontserratAlternates-SemiBold.ttf"; sourceTree = "<group>"; };
		87DE0D732DBD285200D4DDF8 /* ImageDownloader.swift */ = {isa = PBXFileReference; lastKnownFileType = sourcecode.swift; path = ImageDownloader.swift; sourceTree = "<group>"; };
		87DE0D782DBD289900D4DDF8 /* ImageDownloaderViewModel.swift */ = {isa = PBXFileReference; lastKnownFileType = sourcecode.swift; path = ImageDownloaderViewModel.swift; sourceTree = "<group>"; };
		87DE0D7A2DBD2AD300D4DDF8 /* EventCardImage.swift */ = {isa = PBXFileReference; lastKnownFileType = sourcecode.swift; path = EventCardImage.swift; sourceTree = "<group>"; };
		87DE0D7C2DBD353300D4DDF8 /* Place.swift */ = {isa = PBXFileReference; lastKnownFileType = sourcecode.swift; path = Place.swift; sourceTree = "<group>"; };
		87DE0D9C2DBFFF6800D4DDF8 /* DeleteEventButton.swift */ = {isa = PBXFileReference; lastKnownFileType = sourcecode.swift; path = DeleteEventButton.swift; sourceTree = "<group>"; };
		87DE0D9F2DC002FF00D4DDF8 /* FooterButtonsPack.swift */ = {isa = PBXFileReference; lastKnownFileType = sourcecode.swift; path = FooterButtonsPack.swift; sourceTree = "<group>"; };
		87DE0DA92DC15DDC00D4DDF8 /* Loader.swift */ = {isa = PBXFileReference; lastKnownFileType = sourcecode.swift; path = Loader.swift; sourceTree = "<group>"; };
		87DE0DAC2DC1777A00D4DDF8 /* TableFetchDataProtocol.swift */ = {isa = PBXFileReference; lastKnownFileType = sourcecode.swift; path = TableFetchDataProtocol.swift; sourceTree = "<group>"; };
		87DF29C72DCAAF2400332AFE /* EventOnMap.swift */ = {isa = PBXFileReference; lastKnownFileType = sourcecode.swift; path = EventOnMap.swift; sourceTree = "<group>"; };
		87DF29CB2DCAB15600332AFE /* CircleLabel.swift */ = {isa = PBXFileReference; lastKnownFileType = sourcecode.swift; path = CircleLabel.swift; sourceTree = "<group>"; };
		87E6FC0A2CCE2B8000B2DA3B /* Yam.app */ = {isa = PBXFileReference; explicitFileType = wrapper.application; includeInIndex = 0; path = Yam.app; sourceTree = BUILT_PRODUCTS_DIR; };
		87FC48432D52089600F6D8CC /* BuildEventVStack.swift */ = {isa = PBXFileReference; lastKnownFileType = sourcecode.swift; path = BuildEventVStack.swift; sourceTree = "<group>"; };
		87FDD9342D82F25700C2B5EC /* EventCardViewModelProtocol.swift */ = {isa = PBXFileReference; lastKnownFileType = sourcecode.swift; path = EventCardViewModelProtocol.swift; sourceTree = "<group>"; };
		87FDD9362D82F5D500C2B5EC /* DateHandler.swift */ = {isa = PBXFileReference; lastKnownFileType = sourcecode.swift; path = DateHandler.swift; sourceTree = "<group>"; };
		87FDD9382D82F73400C2B5EC /* EventHandler.swift */ = {isa = PBXFileReference; lastKnownFileType = sourcecode.swift; path = EventHandler.swift; sourceTree = "<group>"; };
		DF7D991B2CE122D70018E694 /* YamApp.swift */ = {isa = PBXFileReference; lastKnownFileType = sourcecode.swift; path = YamApp.swift; sourceTree = "<group>"; };
/* End PBXFileReference section */

/* Begin PBXFrameworksBuildPhase section */
		87E6FC072CCE2B8000B2DA3B /* Frameworks */ = {
			isa = PBXFrameworksBuildPhase;
			buildActionMask = 2147483647;
			files = (
				877DE7F52DC4D9F000E48666 /* GeoFire in Frameworks */,
				879592BE2DBD057C009B63D3 /* SDWebImageSwiftUI in Frameworks */,
				878637B52DC9333800410C8C /* ClusterMap in Frameworks */,
				8723CFEF2DB55C8800A0E194 /* Cloudinary in Frameworks */,
				87FDD9422D836C8300C2B5EC /* FirebaseAuth in Frameworks */,
				87FDD9442D836C8300C2B5EC /* FirebaseFirestore in Frameworks */,
				878637B72DC9333800410C8C /* ClusterMapSwiftUI in Frameworks */,
				87FDD9462D836C8300C2B5EC /* FirebaseStorage in Frameworks */,
				877DE7F72DC4D9F000E48666 /* GeoFireUtils in Frameworks */,
				8723CFF42DB562A400A0E194 /* SDWebImageMapKit in Frameworks */,
			);
			runOnlyForDeploymentPostprocessing = 0;
		};
/* End PBXFrameworksBuildPhase section */

/* Begin PBXGroup section */
		8700459F2DCE938D00D9F74D /* Space */ = {
			isa = PBXGroup;
			children = (
				8700459C2DCE932B00D9F74D /* VerticalSpace.swift */,
				87D14F3D2DCE7D7F0037ACBD /* TabBarSpace.swift */,
				87D14F3F2DCE7DA80037ACBD /* NavBarSpace.swift */,
			);
			path = Space;
			sourceTree = "<group>";
		};
		870045AB2DD09B9B00D9F74D /* BottomButtons */ = {
			isa = PBXGroup;
			children = (
				870045A92DD09B9B00D9F74D /* MapBottomButtons.swift */,
				870045AA2DD09B9B00D9F74D /* EventsOnMapButton.swift */,
				870045AE2DD09BF800D9F74D /* OpenEventsButton.swift */,
				870045B02DD0C04E00D9F74D /* OpenInfoButton.swift */,
			);
			path = BottomButtons;
			sourceTree = "<group>";
		};
		870045B92DD0C6E600D9F74D /* Events */ = {
			isa = PBXGroup;
			children = (
				870045BC2DD0C71600D9F74D /* EventsViewModel.swift */,
				870045D72DD0D0C900D9F74D /* View */,
				870045C22DD0C83F00D9F74D /* Model */,
				870045F52DD0D6F100D9F74D /* Submodule */,
			);
			path = Events;
			sourceTree = "<group>";
		};
		870045C22DD0C83F00D9F74D /* Model */ = {
			isa = PBXGroup;
			children = (
				870045C12DD0C83F00D9F74D /* EventsTabItemConfig.swift */,
				870045C42DD0C86900D9F74D /* EventsTab.swift */,
			);
			path = Model;
			sourceTree = "<group>";
		};
		870045D72DD0D0C900D9F74D /* View */ = {
			isa = PBXGroup;
			children = (
				870045D62DD0D0C900D9F74D /* EventsView.swift */,
				870045D52DD0D0C900D9F74D /* EventsTabBar.swift */,
				870046022DD1163D00D9F74D /* EventsCountView.swift */,
				870046042DD11C6F00D9F74D /* EventsBottomSpace.swift */,
				8706602B2DD27B0800B89097 /* EmptyEventsView.swift */,
			);
			path = View;
			sourceTree = "<group>";
		};
		870045EE2DD0D6F100D9F74D /* Feed */ = {
			isa = PBXGroup;
			children = (
				870045ED2DD0D6F100D9F74D /* FeedViewModel.swift */,
				870660232DD2783400B89097 /* View */,
			);
			path = Feed;
			sourceTree = "<group>";
		};
		870045F12DD0D6F100D9F74D /* MyEvents */ = {
			isa = PBXGroup;
			children = (
				870045F02DD0D6F100D9F74D /* MyEventsViewModel.swift */,
				8706601E2DD2779000B89097 /* View */,
			);
			path = MyEvents;
			sourceTree = "<group>";
		};
		870045F42DD0D6F100D9F74D /* Subscriptions */ = {
			isa = PBXGroup;
			children = (
				870045F32DD0D6F100D9F74D /* SubscriptionsViewModel.swift */,
				870660242DD2788F00B89097 /* View */,
			);
			path = Subscriptions;
			sourceTree = "<group>";
		};
		870045F52DD0D6F100D9F74D /* Submodule */ = {
			isa = PBXGroup;
			children = (
				870045F12DD0D6F100D9F74D /* MyEvents */,
				870045EE2DD0D6F100D9F74D /* Feed */,
				870045F42DD0D6F100D9F74D /* Subscriptions */,
			);
			path = Submodule;
			sourceTree = "<group>";
		};
		870046082DD13E0B00D9F74D /* View */ = {
			isa = PBXGroup;
			children = (
				870046072DD13E0B00D9F74D /* EventsAccordionView.swift */,
				8700460A2DD13E1700D9F74D /* EventsAccordionHeader.swift */,
			);
			path = View;
			sourceTree = "<group>";
		};
		8704EC6E2DAEF5120008611D /* Keyboard */ = {
			isa = PBXGroup;
			children = (
				8704EC6F2DAEF5270008611D /* UIApplicationExt.swift */,
			);
			path = Keyboard;
			sourceTree = "<group>";
		};
		8706601E2DD2779000B89097 /* View */ = {
			isa = PBXGroup;
			children = (
				870045EF2DD0D6F100D9F74D /* MyEventsView.swift */,
				8706601F2DD2779C00B89097 /* MyEventsBottom.swift */,
			);
			path = View;
			sourceTree = "<group>";
		};
		870660232DD2783400B89097 /* View */ = {
			isa = PBXGroup;
			children = (
				870045EC2DD0D6F100D9F74D /* FeedView.swift */,
				870660212DD2783100B89097 /* FeedInteractionView.swift */,
			);
			path = View;
			sourceTree = "<group>";
		};
		870660242DD2788F00B89097 /* View */ = {
			isa = PBXGroup;
			children = (
				870045F22DD0D6F100D9F74D /* SubscriptionsView.swift */,
				870660252DD2789F00B89097 /* SubscriptionsBottom.swift */,
			);
			path = View;
			sourceTree = "<group>";
		};
		8706602F2DD27CA100B89097 /* TextFieldView */ = {
			isa = PBXGroup;
			children = (
				870660302DD27CBA00B89097 /* YTextField.swift */,
				870E3C602D4388D40043DA00 /* TextFieldView.swift */,
			);
			path = TextFieldView;
			sourceTree = "<group>";
		};
		870E3C4C2D4388860043DA00 /* DesignSystem */ = {
			isa = PBXGroup;
			children = (
				870E3C582D4388D40043DA00 /* Component */,
				87BA69102D4984ED008DF823 /* Constant */,
				87BA69042D49828C008DF823 /* Font */,
				87BA69002D49807D008DF823 /* Color */,
			);
			path = DesignSystem;
			sourceTree = "<group>";
		};
		870E3C582D4388D40043DA00 /* Component */ = {
			isa = PBXGroup;
			children = (
				87DF29C62DCAAEFF00332AFE /* Map */,
				87C997DD2D9B28690069F73D /* NavBar */,
				87FDD9332D82F22C00C2B5EC /* EventCard */,
				8744C4592DADB6BC001A0A9F /* Text */,
				8744C45E2DADB70A001A0A9F /* Button */,
				87DE0DA82DC15D8E00D4DDF8 /* Loader */,
				8744C4622DADB713001A0A9F /* Image */,
				8700459F2DCE938D00D9F74D /* Space */,
				8744C4512DADA389001A0A9F /* ThinMaterialVStack.swift */,
			);
			path = Component;
			sourceTree = "<group>";
		};
		870E3C5C2D4388D40043DA00 /* Model */ = {
			isa = PBXGroup;
			children = (
				870E3C592D4388D40043DA00 /* BuildEventModel.swift */,
				871903672DB844DB005DED9E /* BuildEventType.swift */,
				8723CFF72DB5985D00A0E194 /* Field.swift */,
			);
			path = Model;
			sourceTree = "<group>";
		};
		870E3C622D4388D40043DA00 /* View */ = {
			isa = PBXGroup;
			children = (
				870E3C612D4388D40043DA00 /* BuildEventView.swift */,
				87D4D2952D94803700A5E4B8 /* BuildEventHeader.swift */,
				878432E52D512A1500A24538 /* BuildEventImagePicker.swift */,
				87D4D2972D94809D00A5E4B8 /* BuildEventTitle.swift */,
				87D4D29C2D94822100A5E4B8 /* BuildEventLink.swift */,
				87D4D2992D94815600A5E4B8 /* BuildEventSeats.swift */,
				870E3C5E2D4388D40043DA00 /* BuildEventDatePicker.swift */,
				87DE0D9E2DC001CC00D4DDF8 /* FooterButtonsPack */,
				87FC484A2D52446900F6D8CC /* BuildEventPlace */,
				87D4D29B2D9481FF00A5E4B8 /* BaseView */,
			);
			path = View;
			sourceTree = "<group>";
		};
		870E3C642D4388D40043DA00 /* ViewModel */ = {
			isa = PBXGroup;
			children = (
				870E3C632D4388D40043DA00 /* BuildEventViewModel.swift */,
				871903602DB834B4005DED9E /* BuildEventUIConfig.swift */,
			);
			path = ViewModel;
			sourceTree = "<group>";
		};
		870E3C652D4388D40043DA00 /* BuildEvent */ = {
			isa = PBXGroup;
			children = (
				870E3C622D4388D40043DA00 /* View */,
				870E3C642D4388D40043DA00 /* ViewModel */,
				870E3C5C2D4388D40043DA00 /* Model */,
			);
			path = BuildEvent;
			sourceTree = "<group>";
		};
		870E3C822D4388D40043DA00 /* Map */ = {
			isa = PBXGroup;
			children = (
				877DE7FB2DC7BDE200E48666 /* MapViewModel.swift */,
				87DF29C12DCAAD5700332AFE /* View */,
				878637C02DC94F0A00410C8C /* Model */,
			);
			path = Map;
			sourceTree = "<group>";
		};
		870E3C842D4388D40043DA00 /* Preview Content */ = {
			isa = PBXGroup;
			children = (
				870E3C832D4388D40043DA00 /* Preview Assets.xcassets */,
			);
			path = "Preview Content";
			sourceTree = "<group>";
		};
		870E3C8C2D4388D40043DA00 /* Utility */ = {
			isa = PBXGroup;
			children = (
				87DE0DAB2DC1775F00D4DDF8 /* Table */,
				8704EC6E2DAEF5120008611D /* Keyboard */,
				879ADAFD2D80A16E00F43C04 /* Handler */,
				87B47A8E2D58B500007AA252 /* View */,
			);
			path = Utility;
			sourceTree = "<group>";
		};
		872CBC4D2DB18E4100C7EBC4 /* Info */ = {
			isa = PBXGroup;
			children = (
				872CBC4E2DB18E6900C7EBC4 /* InfoView.swift */,
				8786CF222DB3EF9D0010D079 /* InfoViewModel.swift */,
			);
			path = Info;
			sourceTree = "<group>";
		};
		8744C4592DADB6BC001A0A9F /* Text */ = {
			isa = PBXGroup;
			children = (
				8706602F2DD27CA100B89097 /* TextFieldView */,
				870E3C5F2D4388D40043DA00 /* YText.swift */,
				8744C4572DADB691001A0A9F /* YSecureField.swift */,
				870E3C542D4388D40043DA00 /* UnlimitedText.swift */,
				87DF29CB2DCAB15600332AFE /* CircleLabel.swift */,
			);
			path = Text;
			sourceTree = "<group>";
		};
		8744C45E2DADB70A001A0A9F /* Button */ = {
			isa = PBXGroup;
			children = (
				87D14F3A2DCE766B0037ACBD /* YButton */,
				87D14F352DCE71960037ACBD /* Shape */,
			);
			path = Button;
			sourceTree = "<group>";
		};
		8744C4622DADB713001A0A9F /* Image */ = {
			isa = PBXGroup;
			children = (
				87DE0D6F2DBD280C00D4DDF8 /* ImageDownloader */,
				8752B7052D468D3E0017F2B8 /* YImage.swift */,
				870E3C532D4388D40043DA00 /* GradientImage.swift */,
			);
			path = Image;
			sourceTree = "<group>";
		};
		8744C4662DADC043001A0A9F /* Service */ = {
			isa = PBXGroup;
			children = (
				8786CF242DB4CB120010D079 /* NavigationManager.swift */,
				8744C4682DADC05F001A0A9F /* DatabaseService.swift */,
				8744C44D2DAD9CD6001A0A9F /* AuthInteractor.swift */,
				879D29852DB52B96004A0B4D /* ImageService.swift */,
				87CCF4CB2D8A054B005203CA /* Logger.swift */,
			);
			path = Service;
			sourceTree = "<group>";
		};
		8751D8682DBAD5C80004C61B /* View */ = {
			isa = PBXGroup;
			children = (
				8751D8612DBAD5C80004C61B /* EventCard.swift */,
				87DE0D7A2DBD2AD300D4DDF8 /* EventCardImage.swift */,
				8751D8622DBAD5C80004C61B /* EventCardButton.swift */,
				877DE7EF2DC3CFBC00E48666 /* EventCardLoadingButton.swift */,
				8751D8632DBAD5C80004C61B /* EventCardDateLabel.swift */,
				8751D8652DBAD5C80004C61B /* EventCardSeatsLabel.swift */,
				8751D8662DBAD5C80004C61B /* EventCardTitleLabel.swift */,
				8751D8672DBAD5C80004C61B /* EventCardVStack.swift */,
			);
			path = View;
			sourceTree = "<group>";
		};
		8751D8742DBAD5E10004C61B /* View */ = {
			isa = PBXGroup;
			children = (
				8751D8712DBAD5E10004C61B /* NavBar.swift */,
				8751D8722DBAD5E10004C61B /* NavBarStack.swift */,
				8751D8732DBAD5E10004C61B /* NavBarTabItem.swift */,
			);
			path = View;
			sourceTree = "<group>";
		};
		878637C02DC94F0A00410C8C /* Model */ = {
			isa = PBXGroup;
			children = (
				878637B82DC933B600410C8C /* MapAnnotation.swift */,
				878637C12DC94F3300410C8C /* MapCluster.swift */,
				8786CF2C2DB4D3260010D079 /* LocationAuthStatus.swift */,
			);
			path = Model;
			sourceTree = "<group>";
		};
		8786CF2A2DB4CBC80010D079 /* Root */ = {
			isa = PBXGroup;
			children = (
				8786CF292DB4CBC80010D079 /* RootView.swift */,
			);
			path = Root;
			sourceTree = "<group>";
		};
		879ADAFD2D80A16E00F43C04 /* Handler */ = {
			isa = PBXGroup;
			children = (
				879ADAFE2D80A18400F43C04 /* LocationHandler.swift */,
				87FDD9362D82F5D500C2B5EC /* DateHandler.swift */,
				87FDD9382D82F73400C2B5EC /* EventHandler.swift */,
			);
			path = Handler;
			sourceTree = "<group>";
		};
		879F2C012D46EEEA0027E46D /* EventLocation */ = {
			isa = PBXGroup;
			children = (
				87C6B69C2D809E6A00AECA90 /* EventLocationViewModel.swift */,
				879F2C072D46EF190027E46D /* View */,
			);
			path = EventLocation;
			sourceTree = "<group>";
		};
		879F2C072D46EF190027E46D /* View */ = {
			isa = PBXGroup;
			children = (
				879F2C082D46EF2A0027E46D /* EventLocationView.swift */,
				87D4D28F2D947E2300A5E4B8 /* EventLocationMap.swift */,
				87D4D2892D947BFD00A5E4B8 /* EventLocationPlaceDescription.swift */,
				87D4D28B2D947C5900A5E4B8 /* EventLocationBottomButtons.swift */,
			);
			path = View;
			sourceTree = "<group>";
		};
		87B47A8E2D58B500007AA252 /* View */ = {
			isa = PBXGroup;
			children = (
				87B47A8D2D58B500007AA252 /* CornerRadius.swift */,
				870046002DD0FE6300D9F74D /* FixedSizeView.swift */,
			);
			path = View;
			sourceTree = "<group>";
		};
		87BA68ED2D494DBD008DF823 /* Core */ = {
			isa = PBXGroup;
			children = (
				DF7D991B2CE122D70018E694 /* YamApp.swift */,
				870E3C852D4388D40043DA00 /* Assets.xcassets */,
				870E3C842D4388D40043DA00 /* Preview Content */,
			);
			path = Core;
			sourceTree = "<group>";
		};
		87BA68FC2D497C39008DF823 /* Module */ = {
			isa = PBXGroup;
			children = (
				8786CF2A2DB4CBC80010D079 /* Root */,
				87C997C72D9B049A0069F73D /* Auth */,
				870E3C822D4388D40043DA00 /* Map */,
				870045B92DD0C6E600D9F74D /* Events */,
				870E3C652D4388D40043DA00 /* BuildEvent */,
				87D14F292DCBFDA10037ACBD /* EventsAccordion */,
				872CBC4D2DB18E4100C7EBC4 /* Info */,
				879F2C012D46EEEA0027E46D /* EventLocation */,
			);
			path = Module;
			sourceTree = "<group>";
		};
		87BA69002D49807D008DF823 /* Color */ = {
			isa = PBXGroup;
			children = (
				870E3C872D4388D40043DA00 /* Colors.swift */,
				870E3C892D4388D40043DA00 /* Gradient.swift */,
			);
			path = Color;
			sourceTree = "<group>";
		};
		87BA69042D49828C008DF823 /* Font */ = {
			isa = PBXGroup;
			children = (
				87DAF8C12D4E74DA00C8C550 /* FontManager.swift */,
				87DAF8CE2D4E77DF00C8C550 /* MontserratAlternates */,
			);
			path = Font;
			sourceTree = "<group>";
		};
		87BA69102D4984ED008DF823 /* Constant */ = {
			isa = PBXGroup;
			children = (
				87336F4A2D7C329F00BD699A /* Const.swift */,
				8744C4552DADAC47001A0A9F /* AuthConst.swift */,
				870E3C862D4388D40043DA00 /* AuthorizedEntryConst.swift */,
				87336F602D7C51A600BD699A /* EventsConst.swift */,
				87336F8E2D7C978B00BD699A /* BuildEventConst.swift */,
			);
			path = Constant;
			sourceTree = "<group>";
		};
		87C997C42D9B049A0069F73D /* Model */ = {
			isa = PBXGroup;
			children = (
				8744C4632DADBE65001A0A9F /* YUser.swift */,
				8786CF362DB4FCC60010D079 /* Event.swift */,
				87336FAC2D7F6B7F00BD699A /* Seats.swift */,
				87DE0D7C2DBD353300D4DDF8 /* Place.swift */,
				87C997E42D9B3C7C0069F73D /* AuthTab.swift */,
				8704EC712DAEFC530008611D /* AuthField.swift */,
			);
			path = Model;
			sourceTree = "<group>";
		};
		87C997C52D9B049A0069F73D /* View */ = {
			isa = PBXGroup;
			children = (
				87C997D02D9B25EB0069F73D /* AuthView.swift */,
				87C997DA2D9B26F10069F73D /* EmailView.swift */,
				8744C44F2DADA1CF001A0A9F /* PasswordView.swift */,
				8744C4532DADA8DA001A0A9F /* AuthButton.swift */,
			);
			path = View;
			sourceTree = "<group>";
		};
		87C997C72D9B049A0069F73D /* Auth */ = {
			isa = PBXGroup;
			children = (
				87C997CE2D9B22E40069F73D /* AuthViewModel.swift */,
				87C997C52D9B049A0069F73D /* View */,
				87C997C42D9B049A0069F73D /* Model */,
			);
			path = Auth;
			sourceTree = "<group>";
		};
		87C997DD2D9B28690069F73D /* NavBar */ = {
			isa = PBXGroup;
			children = (
				87C997DE2D9B28DD0069F73D /* NavBarViewModelProtocol.swift */,
				8751D8742DBAD5E10004C61B /* View */,
			);
			path = NavBar;
			sourceTree = "<group>";
		};
		87D14F292DCBFDA10037ACBD /* EventsAccordion */ = {
			isa = PBXGroup;
			children = (
				87D14F2A2DCBFDBC0037ACBD /* EventsAccordionViewModel.swift */,
				870046082DD13E0B00D9F74D /* View */,
			);
			path = EventsAccordion;
			sourceTree = "<group>";
		};
		87D14F352DCE71960037ACBD /* Shape */ = {
			isa = PBXGroup;
			children = (
				8744C45C2DADB70A001A0A9F /* CircleButton.swift */,
				8786CF342DB4EA920010D079 /* CapsuleButton.swift */,
				87D14F322DCE6D8A0037ACBD /* RectImageButton.swift */,
			);
			path = Shape;
			sourceTree = "<group>";
		};
		87D14F3A2DCE766B0037ACBD /* YButton */ = {
			isa = PBXGroup;
			children = (
				87D14F362DCE71A90037ACBD /* LocationButton.swift */,
				8700459A2DCE91D500D9F74D /* DismissButton.swift */,
			);
			path = YButton;
			sourceTree = "<group>";
		};
		87D4D29B2D9481FF00A5E4B8 /* BaseView */ = {
			isa = PBXGroup;
			children = (
				87FC48432D52089600F6D8CC /* BuildEventVStack.swift */,
			);
			path = BaseView;
			sourceTree = "<group>";
		};
		87DAF8CE2D4E77DF00C8C550 /* MontserratAlternates */ = {
			isa = PBXGroup;
			children = (
				87DAF8C42D4E775300C8C550 /* MontserratAlternates-ExtraBold.ttf */,
				87DAF8C32D4E775300C8C550 /* MontserratAlternates-Bold.ttf */,
				87DAF8C72D4E775300C8C550 /* MontserratAlternates-SemiBold.ttf */,
				87DAF8C52D4E775300C8C550 /* MontserratAlternates-Medium.ttf */,
				87DAF8C62D4E775300C8C550 /* MontserratAlternates-Regular.ttf */,
			);
			path = MontserratAlternates;
			sourceTree = "<group>";
		};
		87DE0D6F2DBD280C00D4DDF8 /* ImageDownloader */ = {
			isa = PBXGroup;
			children = (
				87DE0D782DBD289900D4DDF8 /* ImageDownloaderViewModel.swift */,
				87DE0D732DBD285200D4DDF8 /* ImageDownloader.swift */,
			);
			path = ImageDownloader;
			sourceTree = "<group>";
		};
		87DE0D9E2DC001CC00D4DDF8 /* FooterButtonsPack */ = {
			isa = PBXGroup;
			children = (
				87DE0D9F2DC002FF00D4DDF8 /* FooterButtonsPack.swift */,
				87D4D2A02D94829C00A5E4B8 /* BuildEventButton.swift */,
				87DE0D9C2DBFFF6800D4DDF8 /* DeleteEventButton.swift */,
			);
			path = FooterButtonsPack;
			sourceTree = "<group>";
		};
		87DE0DA82DC15D8E00D4DDF8 /* Loader */ = {
			isa = PBXGroup;
			children = (
				87DE0DA92DC15DDC00D4DDF8 /* Loader.swift */,
				870E3C552D4388D40043DA00 /* GradientLoader.swift */,
			);
			path = Loader;
			sourceTree = "<group>";
		};
		87DE0DAB2DC1775F00D4DDF8 /* Table */ = {
			isa = PBXGroup;
			children = (
				87DE0DAC2DC1777A00D4DDF8 /* TableFetchDataProtocol.swift */,
			);
			path = Table;
			sourceTree = "<group>";
		};
		87DF29C12DCAAD5700332AFE /* View */ = {
			isa = PBXGroup;
			children = (
				870045FE2DD0D8A000D9F74D /* MapSwitcherView.swift */,
				870045A12DCF244D00D9F74D /* MapView.swift */,
				879B8A8D2D4BB81000DB28CC /* DisabledLocationServicesView.swift */,
				870045B32DD0C15900D9F74D /* MapClusterView.swift */,
				870045B42DD0C15900D9F74D /* MapEventAnnotation.swift */,
				870045AB2DD09B9B00D9F74D /* BottomButtons */,
			);
			path = View;
			sourceTree = "<group>";
		};
		87DF29C62DCAAEFF00332AFE /* Map */ = {
			isa = PBXGroup;
			children = (
				87DF29C72DCAAF2400332AFE /* EventOnMap.swift */,
			);
			path = Map;
			sourceTree = "<group>";
		};
		87E6FC012CCE2B8000B2DA3B = {
			isa = PBXGroup;
			children = (
				DF7D991C2CE122D70018E694 /* Yam */,
				87E6FC0B2CCE2B8000B2DA3B /* Products */,
			);
			sourceTree = "<group>";
		};
		87E6FC0B2CCE2B8000B2DA3B /* Products */ = {
			isa = PBXGroup;
			children = (
				87E6FC0A2CCE2B8000B2DA3B /* Yam.app */,
			);
			name = Products;
			sourceTree = "<group>";
		};
		87FC484A2D52446900F6D8CC /* BuildEventPlace */ = {
			isa = PBXGroup;
			children = (
				87BD45322D515BD0001B8E1B /* BuildEventPlacePicker.swift */,
				870E3C5D2D4388D40043DA00 /* BuildEventPlaceView.swift */,
				8752B6F72D455A710017F2B8 /* BuildEventPlaceMap.swift */,
			);
			path = BuildEventPlace;
			sourceTree = "<group>";
		};
		87FDD9332D82F22C00C2B5EC /* EventCard */ = {
			isa = PBXGroup;
			children = (
				87FDD9342D82F25700C2B5EC /* EventCardViewModelProtocol.swift */,
				8751D8682DBAD5C80004C61B /* View */,
				8751D85E2DBAD57C0004C61B /* EventType.swift */,
			);
			path = EventCard;
			sourceTree = "<group>";
		};
		DF7D991C2CE122D70018E694 /* Yam */ = {
			isa = PBXGroup;
			children = (
				87DAF8C02D4E747D00C8C550 /* Info.plist */,
				87BA68ED2D494DBD008DF823 /* Core */,
				87BA68FC2D497C39008DF823 /* Module */,
				870E3C4C2D4388860043DA00 /* DesignSystem */,
				8744C4662DADC043001A0A9F /* Service */,
				870E3C8C2D4388D40043DA00 /* Utility */,
			);
			path = Yam;
			sourceTree = "<group>";
		};
/* End PBXGroup section */

/* Begin PBXNativeTarget section */
		87E6FC092CCE2B8000B2DA3B /* Yam */ = {
			isa = PBXNativeTarget;
			buildConfigurationList = 87E6FC182CCE2B8200B2DA3B /* Build configuration list for PBXNativeTarget "Yam" */;
			buildPhases = (
				87E6FC062CCE2B8000B2DA3B /* Sources */,
				87E6FC072CCE2B8000B2DA3B /* Frameworks */,
				87E6FC082CCE2B8000B2DA3B /* Resources */,
			);
			buildRules = (
			);
			dependencies = (
			);
			name = Yam;
			productName = Yam;
			productReference = 87E6FC0A2CCE2B8000B2DA3B /* Yam.app */;
			productType = "com.apple.product-type.application";
		};
/* End PBXNativeTarget section */

/* Begin PBXProject section */
		87E6FC022CCE2B8000B2DA3B /* Project object */ = {
			isa = PBXProject;
			attributes = {
				BuildIndependentTargetsInParallel = 1;
				LastSwiftUpdateCheck = 1600;
				LastUpgradeCheck = 1600;
				TargetAttributes = {
					87E6FC092CCE2B8000B2DA3B = {
						CreatedOnToolsVersion = 16.0;
					};
				};
			};
			buildConfigurationList = 87E6FC052CCE2B8000B2DA3B /* Build configuration list for PBXProject "Yam" */;
			compatibilityVersion = "Xcode 14.0";
			developmentRegion = en;
			hasScannedForEncodings = 0;
			knownRegions = (
				en,
				Base,
			);
			mainGroup = 87E6FC012CCE2B8000B2DA3B;
			packageReferences = (
				87FDD9402D836C8300C2B5EC /* XCRemoteSwiftPackageReference "firebase-ios-sdk" */,
				8723CFED2DB55C8800A0E194 /* XCRemoteSwiftPackageReference "cloudinary_ios" */,
				879592BC2DBD057C009B63D3 /* XCRemoteSwiftPackageReference "SDWebImageSwiftUI" */,
				877DE7F32DC4D9F000E48666 /* XCRemoteSwiftPackageReference "geofire-objc" */,
				878637B32DC9333800410C8C /* XCRemoteSwiftPackageReference "ClusterMap" */,
			);
			productRefGroup = 87E6FC0B2CCE2B8000B2DA3B /* Products */;
			projectDirPath = "";
			projectRoot = "";
			targets = (
				87E6FC092CCE2B8000B2DA3B /* Yam */,
			);
		};
/* End PBXProject section */

/* Begin PBXResourcesBuildPhase section */
		87E6FC082CCE2B8000B2DA3B /* Resources */ = {
			isa = PBXResourcesBuildPhase;
			buildActionMask = 2147483647;
			files = (
				870E3CAE2D4388D40043DA00 /* Preview Assets.xcassets in Resources */,
				87DAF8C82D4E775300C8C550 /* MontserratAlternates-Medium.ttf in Resources */,
				87DAF8C92D4E775300C8C550 /* MontserratAlternates-Regular.ttf in Resources */,
				87DAF8CA2D4E775300C8C550 /* MontserratAlternates-Bold.ttf in Resources */,
				87DAF8CB2D4E775300C8C550 /* MontserratAlternates-ExtraBold.ttf in Resources */,
				87DAF8CC2D4E775300C8C550 /* MontserratAlternates-SemiBold.ttf in Resources */,
				870E3CAF2D4388D40043DA00 /* Assets.xcassets in Resources */,
			);
			runOnlyForDeploymentPostprocessing = 0;
		};
/* End PBXResourcesBuildPhase section */

/* Begin PBXSourcesBuildPhase section */
		87E6FC062CCE2B8000B2DA3B /* Sources */ = {
			isa = PBXSourcesBuildPhase;
			buildActionMask = 2147483647;
			files = (
				8744C4582DADB691001A0A9F /* YSecureField.swift in Sources */,
				870660222DD2783100B89097 /* FeedInteractionView.swift in Sources */,
				8700460B2DD13E1700D9F74D /* EventsAccordionHeader.swift in Sources */,
				DF7D99202CE122D70018E694 /* YamApp.swift in Sources */,
				878637C22DC94F3300410C8C /* MapCluster.swift in Sources */,
				8786CF2D2DB4D3260010D079 /* LocationAuthStatus.swift in Sources */,
				87D4D28C2D947C5900A5E4B8 /* EventLocationBottomButtons.swift in Sources */,
				879D29862DB52B96004A0B4D /* ImageService.swift in Sources */,
				870046092DD13E0B00D9F74D /* EventsAccordionView.swift in Sources */,
				8706602C2DD27B0800B89097 /* EmptyEventsView.swift in Sources */,
				8786CF372DB4FCC60010D079 /* Event.swift in Sources */,
				8723CFF82DB5985D00A0E194 /* Field.swift in Sources */,
				87336FAD2D7F6B7F00BD699A /* Seats.swift in Sources */,
				870660202DD2779C00B89097 /* MyEventsBottom.swift in Sources */,
				8786CF252DB4CB120010D079 /* NavigationManager.swift in Sources */,
				8751D85F2DBAD57C0004C61B /* EventType.swift in Sources */,
				87FDD9352D82F25700C2B5EC /* EventCardViewModelProtocol.swift in Sources */,
				87FDD9392D82F73400C2B5EC /* EventHandler.swift in Sources */,
				870E3C8D2D4388D40043DA00 /* BuildEventModel.swift in Sources */,
				87C997E52D9B3C7C0069F73D /* AuthTab.swift in Sources */,
				87D4D2902D947E2300A5E4B8 /* EventLocationMap.swift in Sources */,
				8786CF2B2DB4CBC80010D079 /* RootView.swift in Sources */,
				87C997DB2D9B26F10069F73D /* EmailView.swift in Sources */,
				870045B62DD0C15900D9F74D /* MapClusterView.swift in Sources */,
				870045B72DD0C15900D9F74D /* MapEventAnnotation.swift in Sources */,
				870E3C8E2D4388D40043DA00 /* AuthorizedEntryConst.swift in Sources */,
				8744C4642DADBE65001A0A9F /* YUser.swift in Sources */,
				87D4D28A2D947BFD00A5E4B8 /* EventLocationPlaceDescription.swift in Sources */,
				87DE0DA02DC002FF00D4DDF8 /* FooterButtonsPack.swift in Sources */,
				87DAF8C22D4E74DA00C8C550 /* FontManager.swift in Sources */,
				870660262DD2789F00B89097 /* SubscriptionsBottom.swift in Sources */,
				877DE7FD2DC7BDE200E48666 /* MapViewModel.swift in Sources */,
				877DE7F02DC3CFBC00E48666 /* EventCardLoadingButton.swift in Sources */,
				87D14F402DCE7DA80037ACBD /* NavBarSpace.swift in Sources */,
				870045A32DCF244D00D9F74D /* MapView.swift in Sources */,
				879ADAFF2D80A18400F43C04 /* LocationHandler.swift in Sources */,
				8751D8692DBAD5C80004C61B /* EventCard.swift in Sources */,
				8751D86A2DBAD5C80004C61B /* EventCardButton.swift in Sources */,
				8751D86B2DBAD5C80004C61B /* EventCardDateLabel.swift in Sources */,
				8751D86D2DBAD5C80004C61B /* EventCardSeatsLabel.swift in Sources */,
				8751D86E2DBAD5C80004C61B /* EventCardTitleLabel.swift in Sources */,
				87DF29CC2DCAB15600332AFE /* CircleLabel.swift in Sources */,
				8751D86F2DBAD5C80004C61B /* EventCardVStack.swift in Sources */,
				87D14F372DCE71A90037ACBD /* LocationButton.swift in Sources */,
				870660312DD27CBA00B89097 /* YTextField.swift in Sources */,
				8704EC722DAEFC530008611D /* AuthField.swift in Sources */,
				87DE0D792DBD289900D4DDF8 /* ImageDownloaderViewModel.swift in Sources */,
				8744C4602DADB70A001A0A9F /* CircleButton.swift in Sources */,
				8752B6F82D455A710017F2B8 /* BuildEventPlaceMap.swift in Sources */,
				870045F62DD0D6F100D9F74D /* FeedView.swift in Sources */,
				870045F72DD0D6F100D9F74D /* FeedViewModel.swift in Sources */,
				870045F82DD0D6F100D9F74D /* MyEventsView.swift in Sources */,
				870045F92DD0D6F100D9F74D /* MyEventsViewModel.swift in Sources */,
				870045FA2DD0D6F100D9F74D /* SubscriptionsView.swift in Sources */,
				870045FB2DD0D6F100D9F74D /* SubscriptionsViewModel.swift in Sources */,
				87CCF4CC2D8A054B005203CA /* Logger.swift in Sources */,
				87FC48442D52089600F6D8CC /* BuildEventVStack.swift in Sources */,
				878637B92DC933B600410C8C /* MapAnnotation.swift in Sources */,
				8751D8752DBAD5E10004C61B /* NavBar.swift in Sources */,
				87DE0D7D2DBD353300D4DDF8 /* Place.swift in Sources */,
				87DE0D752DBD285200D4DDF8 /* ImageDownloader.swift in Sources */,
				8751D8762DBAD5E10004C61B /* NavBarStack.swift in Sources */,
				8751D8772DBAD5E10004C61B /* NavBarTabItem.swift in Sources */,
				87DE0D7B2DBD2AD300D4DDF8 /* EventCardImage.swift in Sources */,
				879F2C092D46EF2A0027E46D /* EventLocationView.swift in Sources */,
				870045C52DD0C86900D9F74D /* EventsTab.swift in Sources */,
				870E3C952D4388D40043DA00 /* Colors.swift in Sources */,
				878432E62D512A1500A24538 /* BuildEventImagePicker.swift in Sources */,
				8704EC702DAEF5270008611D /* UIApplicationExt.swift in Sources */,
				870045BD2DD0C71600D9F74D /* EventsViewModel.swift in Sources */,
				87B47A8F2D58B500007AA252 /* CornerRadius.swift in Sources */,
				8786CF352DB4EA920010D079 /* CapsuleButton.swift in Sources */,
				87D14F3E2DCE7D7F0037ACBD /* TabBarSpace.swift in Sources */,
				8744C4522DADA389001A0A9F /* ThinMaterialVStack.swift in Sources */,
				870045FF2DD0D8A000D9F74D /* MapSwitcherView.swift in Sources */,
				87C997DF2D9B28DD0069F73D /* NavBarViewModelProtocol.swift in Sources */,
				870E3C9A2D4388D40043DA00 /* YText.swift in Sources */,
				87336F612D7C51A600BD699A /* EventsConst.swift in Sources */,
				870E3C9B2D4388D40043DA00 /* GradientLoader.swift in Sources */,
				87336F4B2D7C329F00BD699A /* Const.swift in Sources */,
				870045D82DD0D0C900D9F74D /* EventsTabBar.swift in Sources */,
				870045D92DD0D0C900D9F74D /* EventsView.swift in Sources */,
				8786CF232DB3EF9D0010D079 /* InfoViewModel.swift in Sources */,
				8744C4692DADC05F001A0A9F /* DatabaseService.swift in Sources */,
				870046012DD0FE6300D9F74D /* FixedSizeView.swift in Sources */,
				87D14F332DCE6D8A0037ACBD /* RectImageButton.swift in Sources */,
				871903612DB834B4005DED9E /* BuildEventUIConfig.swift in Sources */,
				870E3C9C2D4388D40043DA00 /* BuildEventPlaceView.swift in Sources */,
				87C6B69D2D809E6A00AECA90 /* EventLocationViewModel.swift in Sources */,
				8700459D2DCE932B00D9F74D /* VerticalSpace.swift in Sources */,
				8744C44E2DAD9CD6001A0A9F /* AuthInteractor.swift in Sources */,
				870045B12DD0C04E00D9F74D /* OpenInfoButton.swift in Sources */,
				870E3CA02D4388D40043DA00 /* GradientImage.swift in Sources */,
				87D14F2B2DCBFDBC0037ACBD /* EventsAccordionViewModel.swift in Sources */,
				87C997CF2D9B22E40069F73D /* AuthViewModel.swift in Sources */,
				870E3CA12D4388D40043DA00 /* Gradient.swift in Sources */,
				872CBC4F2DB18E6900C7EBC4 /* InfoView.swift in Sources */,
				87D4D29A2D94815600A5E4B8 /* BuildEventSeats.swift in Sources */,
				870046052DD11C6F00D9F74D /* EventsBottomSpace.swift in Sources */,
				8744C4542DADA8DA001A0A9F /* AuthButton.swift in Sources */,
				87FDD9372D82F5D500C2B5EC /* DateHandler.swift in Sources */,
				8744C4502DADA1CF001A0A9F /* PasswordView.swift in Sources */,
				87BD45332D515BD0001B8E1B /* BuildEventPlacePicker.swift in Sources */,
				870E3CA32D4388D40043DA00 /* UnlimitedText.swift in Sources */,
				8700459B2DCE91D500D9F74D /* DismissButton.swift in Sources */,
				870045AC2DD09B9B00D9F74D /* MapBottomButtons.swift in Sources */,
				870045AD2DD09B9B00D9F74D /* EventsOnMapButton.swift in Sources */,
				87336F8F2D7C978B00BD699A /* BuildEventConst.swift in Sources */,
				87D4D29D2D94822100A5E4B8 /* BuildEventLink.swift in Sources */,
				8752B7062D468D3E0017F2B8 /* YImage.swift in Sources */,
				87D4D2982D94809D00A5E4B8 /* BuildEventTitle.swift in Sources */,
				87D4D2A12D94829C00A5E4B8 /* BuildEventButton.swift in Sources */,
				8744C4562DADAC47001A0A9F /* AuthConst.swift in Sources */,
				870046032DD1163D00D9F74D /* EventsCountView.swift in Sources */,
				870E3CA52D4388D40043DA00 /* TextFieldView.swift in Sources */,
				87DE0DAA2DC15DDC00D4DDF8 /* Loader.swift in Sources */,
				870E3CA62D4388D40043DA00 /* BuildEventViewModel.swift in Sources */,
				87DE0D9D2DBFFF6800D4DDF8 /* DeleteEventButton.swift in Sources */,
				87DF29C82DCAAF2400332AFE /* EventOnMap.swift in Sources */,
				87DE0DAD2DC1777A00D4DDF8 /* TableFetchDataProtocol.swift in Sources */,
				870045C32DD0C83F00D9F74D /* EventsTabItemConfig.swift in Sources */,
				871903682DB844DB005DED9E /* BuildEventType.swift in Sources */,
				87D4D2962D94803700A5E4B8 /* BuildEventHeader.swift in Sources */,
				870E3CA92D4388D40043DA00 /* BuildEventDatePicker.swift in Sources */,
				870045AF2DD09BF800D9F74D /* OpenEventsButton.swift in Sources */,
				87C997D12D9B25EB0069F73D /* AuthView.swift in Sources */,
				870E3CAC2D4388D40043DA00 /* BuildEventView.swift in Sources */,
				879B8A8E2D4BB81000DB28CC /* DisabledLocationServicesView.swift in Sources */,
			);
			runOnlyForDeploymentPostprocessing = 0;
		};
/* End PBXSourcesBuildPhase section */

/* Begin XCBuildConfiguration section */
		87E6FC162CCE2B8200B2DA3B /* Debug */ = {
			isa = XCBuildConfiguration;
			buildSettings = {
				ALWAYS_SEARCH_USER_PATHS = NO;
				ASSETCATALOG_COMPILER_GENERATE_SWIFT_ASSET_SYMBOL_EXTENSIONS = YES;
				CLANG_ANALYZER_NONNULL = YES;
				CLANG_ANALYZER_NUMBER_OBJECT_CONVERSION = YES_AGGRESSIVE;
				CLANG_CXX_LANGUAGE_STANDARD = "gnu++20";
				CLANG_ENABLE_MODULES = YES;
				CLANG_ENABLE_OBJC_ARC = YES;
				CLANG_ENABLE_OBJC_WEAK = YES;
				CLANG_WARN_BLOCK_CAPTURE_AUTORELEASING = YES;
				CLANG_WARN_BOOL_CONVERSION = YES;
				CLANG_WARN_COMMA = YES;
				CLANG_WARN_CONSTANT_CONVERSION = YES;
				CLANG_WARN_DEPRECATED_OBJC_IMPLEMENTATIONS = YES;
				CLANG_WARN_DIRECT_OBJC_ISA_USAGE = YES_ERROR;
				CLANG_WARN_DOCUMENTATION_COMMENTS = YES;
				CLANG_WARN_EMPTY_BODY = YES;
				CLANG_WARN_ENUM_CONVERSION = YES;
				CLANG_WARN_INFINITE_RECURSION = YES;
				CLANG_WARN_INT_CONVERSION = YES;
				CLANG_WARN_NON_LITERAL_NULL_CONVERSION = YES;
				CLANG_WARN_OBJC_IMPLICIT_RETAIN_SELF = YES;
				CLANG_WARN_OBJC_LITERAL_CONVERSION = YES;
				CLANG_WARN_OBJC_ROOT_CLASS = YES_ERROR;
				CLANG_WARN_QUOTED_INCLUDE_IN_FRAMEWORK_HEADER = YES;
				CLANG_WARN_RANGE_LOOP_ANALYSIS = YES;
				CLANG_WARN_STRICT_PROTOTYPES = YES;
				CLANG_WARN_SUSPICIOUS_MOVE = YES;
				CLANG_WARN_UNGUARDED_AVAILABILITY = YES_AGGRESSIVE;
				CLANG_WARN_UNREACHABLE_CODE = YES;
				CLANG_WARN__DUPLICATE_METHOD_MATCH = YES;
				COPY_PHASE_STRIP = NO;
				DEBUG_INFORMATION_FORMAT = dwarf;
				ENABLE_STRICT_OBJC_MSGSEND = YES;
				ENABLE_TESTABILITY = YES;
				ENABLE_USER_SCRIPT_SANDBOXING = YES;
				GCC_C_LANGUAGE_STANDARD = gnu17;
				GCC_DYNAMIC_NO_PIC = NO;
				GCC_NO_COMMON_BLOCKS = YES;
				GCC_OPTIMIZATION_LEVEL = 0;
				GCC_PREPROCESSOR_DEFINITIONS = (
					"DEBUG=1",
					"$(inherited)",
				);
				GCC_WARN_64_TO_32_BIT_CONVERSION = YES;
				GCC_WARN_ABOUT_RETURN_TYPE = YES_ERROR;
				GCC_WARN_UNDECLARED_SELECTOR = YES;
				GCC_WARN_UNINITIALIZED_AUTOS = YES_AGGRESSIVE;
				GCC_WARN_UNUSED_FUNCTION = YES;
				GCC_WARN_UNUSED_VARIABLE = YES;
				IPHONEOS_DEPLOYMENT_TARGET = 16.0;
				LOCALIZATION_PREFERS_STRING_CATALOGS = YES;
				MTL_ENABLE_DEBUG_INFO = INCLUDE_SOURCE;
				MTL_FAST_MATH = YES;
				ONLY_ACTIVE_ARCH = YES;
				SDKROOT = iphoneos;
				SWIFT_ACTIVE_COMPILATION_CONDITIONS = "DEBUG $(inherited)";
				SWIFT_OPTIMIZATION_LEVEL = "-Onone";
			};
			name = Debug;
		};
		87E6FC172CCE2B8200B2DA3B /* Release */ = {
			isa = XCBuildConfiguration;
			buildSettings = {
				ALWAYS_SEARCH_USER_PATHS = NO;
				ASSETCATALOG_COMPILER_GENERATE_SWIFT_ASSET_SYMBOL_EXTENSIONS = YES;
				CLANG_ANALYZER_NONNULL = YES;
				CLANG_ANALYZER_NUMBER_OBJECT_CONVERSION = YES_AGGRESSIVE;
				CLANG_CXX_LANGUAGE_STANDARD = "gnu++20";
				CLANG_ENABLE_MODULES = YES;
				CLANG_ENABLE_OBJC_ARC = YES;
				CLANG_ENABLE_OBJC_WEAK = YES;
				CLANG_WARN_BLOCK_CAPTURE_AUTORELEASING = YES;
				CLANG_WARN_BOOL_CONVERSION = YES;
				CLANG_WARN_COMMA = YES;
				CLANG_WARN_CONSTANT_CONVERSION = YES;
				CLANG_WARN_DEPRECATED_OBJC_IMPLEMENTATIONS = YES;
				CLANG_WARN_DIRECT_OBJC_ISA_USAGE = YES_ERROR;
				CLANG_WARN_DOCUMENTATION_COMMENTS = YES;
				CLANG_WARN_EMPTY_BODY = YES;
				CLANG_WARN_ENUM_CONVERSION = YES;
				CLANG_WARN_INFINITE_RECURSION = YES;
				CLANG_WARN_INT_CONVERSION = YES;
				CLANG_WARN_NON_LITERAL_NULL_CONVERSION = YES;
				CLANG_WARN_OBJC_IMPLICIT_RETAIN_SELF = YES;
				CLANG_WARN_OBJC_LITERAL_CONVERSION = YES;
				CLANG_WARN_OBJC_ROOT_CLASS = YES_ERROR;
				CLANG_WARN_QUOTED_INCLUDE_IN_FRAMEWORK_HEADER = YES;
				CLANG_WARN_RANGE_LOOP_ANALYSIS = YES;
				CLANG_WARN_STRICT_PROTOTYPES = YES;
				CLANG_WARN_SUSPICIOUS_MOVE = YES;
				CLANG_WARN_UNGUARDED_AVAILABILITY = YES_AGGRESSIVE;
				CLANG_WARN_UNREACHABLE_CODE = YES;
				CLANG_WARN__DUPLICATE_METHOD_MATCH = YES;
				COPY_PHASE_STRIP = NO;
				DEBUG_INFORMATION_FORMAT = "dwarf-with-dsym";
				ENABLE_NS_ASSERTIONS = NO;
				ENABLE_STRICT_OBJC_MSGSEND = YES;
				ENABLE_USER_SCRIPT_SANDBOXING = YES;
				GCC_C_LANGUAGE_STANDARD = gnu17;
				GCC_NO_COMMON_BLOCKS = YES;
				GCC_WARN_64_TO_32_BIT_CONVERSION = YES;
				GCC_WARN_ABOUT_RETURN_TYPE = YES_ERROR;
				GCC_WARN_UNDECLARED_SELECTOR = YES;
				GCC_WARN_UNINITIALIZED_AUTOS = YES_AGGRESSIVE;
				GCC_WARN_UNUSED_FUNCTION = YES;
				GCC_WARN_UNUSED_VARIABLE = YES;
				IPHONEOS_DEPLOYMENT_TARGET = 16.0;
				LOCALIZATION_PREFERS_STRING_CATALOGS = YES;
				MTL_ENABLE_DEBUG_INFO = NO;
				MTL_FAST_MATH = YES;
				SDKROOT = iphoneos;
				SWIFT_COMPILATION_MODE = wholemodule;
				VALIDATE_PRODUCT = YES;
			};
			name = Release;
		};
		87E6FC192CCE2B8200B2DA3B /* Debug */ = {
			isa = XCBuildConfiguration;
			buildSettings = {
				ASSETCATALOG_COMPILER_APPICON_NAME = AppIcon;
				ASSETCATALOG_COMPILER_GLOBAL_ACCENT_COLOR_NAME = AccentColor;
				CODE_SIGN_IDENTITY = "Apple Development";
				CODE_SIGN_STYLE = Automatic;
				CURRENT_PROJECT_VERSION = 1;
				DEVELOPMENT_ASSET_PATHS = "\"Yam/Core/Preview Content\"";
				DEVELOPMENT_TEAM = FP582B2GU2;
				ENABLE_PREVIEWS = YES;
				ENABLE_USER_SCRIPT_SANDBOXING = NO;
				GENERATE_INFOPLIST_FILE = YES;
				INFOPLIST_FILE = Yam/Info.plist;
				INFOPLIST_KEY_NSLocationWhenInUseUsageDescription = "Enable location services";
				INFOPLIST_KEY_UIApplicationSceneManifest_Generation = YES;
				INFOPLIST_KEY_UIApplicationSupportsIndirectInputEvents = YES;
				INFOPLIST_KEY_UILaunchScreen_Generation = YES;
				INFOPLIST_KEY_UISupportedInterfaceOrientations = UIInterfaceOrientationPortrait;
				INFOPLIST_KEY_UISupportedInterfaceOrientations_iPad = "UIInterfaceOrientationLandscapeLeft UIInterfaceOrientationLandscapeRight UIInterfaceOrientationPortrait UIInterfaceOrientationPortraitUpsideDown";
				INFOPLIST_KEY_UIUserInterfaceStyle = Dark;
				IPHONEOS_DEPLOYMENT_TARGET = 18.0;
				LD_RUNPATH_SEARCH_PATHS = (
					"$(inherited)",
					"@executable_path/Frameworks",
				);
				MARKETING_VERSION = 1.0;
				PRODUCT_BUNDLE_IDENTIFIER = com.ilyansky.Yam;
				PRODUCT_NAME = "$(TARGET_NAME)";
				PROVISIONING_PROFILE_SPECIFIER = "";
				SUPPORTED_PLATFORMS = "iphoneos iphonesimulator";
				SUPPORTS_MACCATALYST = NO;
				SUPPORTS_MAC_DESIGNED_FOR_IPHONE_IPAD = NO;
				SUPPORTS_XR_DESIGNED_FOR_IPHONE_IPAD = NO;
				SWIFT_EMIT_LOC_STRINGS = YES;
				SWIFT_VERSION = 5.0;
				TARGETED_DEVICE_FAMILY = 1;
			};
			name = Debug;
		};
		87E6FC1A2CCE2B8200B2DA3B /* Release */ = {
			isa = XCBuildConfiguration;
			buildSettings = {
				ASSETCATALOG_COMPILER_APPICON_NAME = AppIcon;
				ASSETCATALOG_COMPILER_GLOBAL_ACCENT_COLOR_NAME = AccentColor;
				CODE_SIGN_IDENTITY = "Apple Development";
				CODE_SIGN_STYLE = Automatic;
				CURRENT_PROJECT_VERSION = 1;
				DEVELOPMENT_ASSET_PATHS = "\"Yam/Core/Preview Content\"";
				DEVELOPMENT_TEAM = FP582B2GU2;
				ENABLE_PREVIEWS = YES;
				ENABLE_USER_SCRIPT_SANDBOXING = NO;
				GENERATE_INFOPLIST_FILE = YES;
				INFOPLIST_FILE = Yam/Info.plist;
				INFOPLIST_KEY_NSLocationWhenInUseUsageDescription = "Enable location services";
				INFOPLIST_KEY_UIApplicationSceneManifest_Generation = YES;
				INFOPLIST_KEY_UIApplicationSupportsIndirectInputEvents = YES;
				INFOPLIST_KEY_UILaunchScreen_Generation = YES;
				INFOPLIST_KEY_UISupportedInterfaceOrientations = UIInterfaceOrientationPortrait;
				INFOPLIST_KEY_UISupportedInterfaceOrientations_iPad = "UIInterfaceOrientationLandscapeLeft UIInterfaceOrientationLandscapeRight UIInterfaceOrientationPortrait UIInterfaceOrientationPortraitUpsideDown";
				INFOPLIST_KEY_UIUserInterfaceStyle = Dark;
				IPHONEOS_DEPLOYMENT_TARGET = 18.0;
				LD_RUNPATH_SEARCH_PATHS = (
					"$(inherited)",
					"@executable_path/Frameworks",
				);
				MARKETING_VERSION = 1.0;
				PRODUCT_BUNDLE_IDENTIFIER = com.ilyansky.Yam;
				PRODUCT_NAME = "$(TARGET_NAME)";
				PROVISIONING_PROFILE_SPECIFIER = "";
				SUPPORTED_PLATFORMS = "iphoneos iphonesimulator";
				SUPPORTS_MACCATALYST = NO;
				SUPPORTS_MAC_DESIGNED_FOR_IPHONE_IPAD = NO;
				SUPPORTS_XR_DESIGNED_FOR_IPHONE_IPAD = NO;
				SWIFT_EMIT_LOC_STRINGS = YES;
				SWIFT_VERSION = 5.0;
				TARGETED_DEVICE_FAMILY = 1;
			};
			name = Release;
		};
/* End XCBuildConfiguration section */

/* Begin XCConfigurationList section */
		87E6FC052CCE2B8000B2DA3B /* Build configuration list for PBXProject "Yam" */ = {
			isa = XCConfigurationList;
			buildConfigurations = (
				87E6FC162CCE2B8200B2DA3B /* Debug */,
				87E6FC172CCE2B8200B2DA3B /* Release */,
			);
			defaultConfigurationIsVisible = 0;
			defaultConfigurationName = Release;
		};
		87E6FC182CCE2B8200B2DA3B /* Build configuration list for PBXNativeTarget "Yam" */ = {
			isa = XCConfigurationList;
			buildConfigurations = (
				87E6FC192CCE2B8200B2DA3B /* Debug */,
				87E6FC1A2CCE2B8200B2DA3B /* Release */,
			);
			defaultConfigurationIsVisible = 0;
			defaultConfigurationName = Release;
		};
/* End XCConfigurationList section */

/* Begin XCRemoteSwiftPackageReference section */
		8723CFED2DB55C8800A0E194 /* XCRemoteSwiftPackageReference "cloudinary_ios" */ = {
			isa = XCRemoteSwiftPackageReference;
			repositoryURL = "https://github.com/cloudinary/cloudinary_ios.git";
			requirement = {
				kind = upToNextMajorVersion;
				minimumVersion = 5.1.0;
			};
		};
		8723CFF02DB562A400A0E194 /* XCRemoteSwiftPackageReference "SDWebImage" */ = {
			isa = XCRemoteSwiftPackageReference;
			repositoryURL = "https://github.com/SDWebImage/SDWebImage.git";
			requirement = {
				kind = upToNextMajorVersion;
				minimumVersion = 5.21.0;
			};
		};
		877DE7F32DC4D9F000E48666 /* XCRemoteSwiftPackageReference "geofire-objc" */ = {
			isa = XCRemoteSwiftPackageReference;
			repositoryURL = "https://github.com/firebase/geofire-objc.git";
			requirement = {
				branch = master;
				kind = branch;
			};
		};
		878637B32DC9333800410C8C /* XCRemoteSwiftPackageReference "ClusterMap" */ = {
			isa = XCRemoteSwiftPackageReference;
			repositoryURL = "https://github.com/vospennikov/ClusterMap.git";
			requirement = {
				kind = upToNextMajorVersion;
				minimumVersion = 2.1.1;
			};
		};
		879592BC2DBD057C009B63D3 /* XCRemoteSwiftPackageReference "SDWebImageSwiftUI" */ = {
			isa = XCRemoteSwiftPackageReference;
			repositoryURL = "https://github.com/SDWebImage/SDWebImageSwiftUI.git";
			requirement = {
				kind = upToNextMajorVersion;
				minimumVersion = 3.1.3;
			};
		};
		87FDD9402D836C8300C2B5EC /* XCRemoteSwiftPackageReference "firebase-ios-sdk" */ = {
			isa = XCRemoteSwiftPackageReference;
			repositoryURL = "https://github.com/firebase/firebase-ios-sdk";
			requirement = {
				kind = upToNextMajorVersion;
				minimumVersion = 11.9.0;
			};
		};
/* End XCRemoteSwiftPackageReference section */

/* Begin XCSwiftPackageProductDependency section */
		8723CFEE2DB55C8800A0E194 /* Cloudinary */ = {
			isa = XCSwiftPackageProductDependency;
			package = 8723CFED2DB55C8800A0E194 /* XCRemoteSwiftPackageReference "cloudinary_ios" */;
			productName = Cloudinary;
		};
		8723CFF32DB562A400A0E194 /* SDWebImageMapKit */ = {
			isa = XCSwiftPackageProductDependency;
			package = 8723CFF02DB562A400A0E194 /* XCRemoteSwiftPackageReference "SDWebImage" */;
			productName = SDWebImageMapKit;
		};
		877DE7F42DC4D9F000E48666 /* GeoFire */ = {
			isa = XCSwiftPackageProductDependency;
			package = 877DE7F32DC4D9F000E48666 /* XCRemoteSwiftPackageReference "geofire-objc" */;
			productName = GeoFire;
		};
		877DE7F62DC4D9F000E48666 /* GeoFireUtils */ = {
			isa = XCSwiftPackageProductDependency;
			package = 877DE7F32DC4D9F000E48666 /* XCRemoteSwiftPackageReference "geofire-objc" */;
			productName = GeoFireUtils;
		};
		878637B42DC9333800410C8C /* ClusterMap */ = {
			isa = XCSwiftPackageProductDependency;
			package = 878637B32DC9333800410C8C /* XCRemoteSwiftPackageReference "ClusterMap" */;
			productName = ClusterMap;
		};
		878637B62DC9333800410C8C /* ClusterMapSwiftUI */ = {
			isa = XCSwiftPackageProductDependency;
			package = 878637B32DC9333800410C8C /* XCRemoteSwiftPackageReference "ClusterMap" */;
			productName = ClusterMapSwiftUI;
		};
		879592BD2DBD057C009B63D3 /* SDWebImageSwiftUI */ = {
			isa = XCSwiftPackageProductDependency;
			package = 879592BC2DBD057C009B63D3 /* XCRemoteSwiftPackageReference "SDWebImageSwiftUI" */;
			productName = SDWebImageSwiftUI;
		};
		87FDD9412D836C8300C2B5EC /* FirebaseAuth */ = {
			isa = XCSwiftPackageProductDependency;
			package = 87FDD9402D836C8300C2B5EC /* XCRemoteSwiftPackageReference "firebase-ios-sdk" */;
			productName = FirebaseAuth;
		};
		87FDD9432D836C8300C2B5EC /* FirebaseFirestore */ = {
			isa = XCSwiftPackageProductDependency;
			package = 87FDD9402D836C8300C2B5EC /* XCRemoteSwiftPackageReference "firebase-ios-sdk" */;
			productName = FirebaseFirestore;
		};
		87FDD9452D836C8300C2B5EC /* FirebaseStorage */ = {
			isa = XCSwiftPackageProductDependency;
			package = 87FDD9402D836C8300C2B5EC /* XCRemoteSwiftPackageReference "firebase-ios-sdk" */;
			productName = FirebaseStorage;
		};
/* End XCSwiftPackageProductDependency section */
	};
	rootObject = 87E6FC022CCE2B8000B2DA3B /* Project object */;
}
